// !$*UTF8*$!
{
	archiveVersion = 1;
	classes = {
	};
	objectVersion = 46;
	objects = {

/* Begin PBXBuildFile section */
		634315DF1E5A9D3800F35051 /* main.m in Sources */ = {isa = PBXBuildFile; fileRef = 634315DE1E5A9D3800F35051 /* main.m */; };
		634315E21E5A9D3800F35051 /* AppDelegate.m in Sources */ = {isa = PBXBuildFile; fileRef = 634315E11E5A9D3800F35051 /* AppDelegate.m */; };
		634315E51E5A9D3800F35051 /* ViewController.m in Sources */ = {isa = PBXBuildFile; fileRef = 634315E41E5A9D3800F35051 /* ViewController.m */; };
		634315E81E5A9D3800F35051 /* Main.storyboard in Resources */ = {isa = PBXBuildFile; fileRef = 634315E61E5A9D3800F35051 /* Main.storyboard */; };
		634315EA1E5A9D3800F35051 /* Assets.xcassets in Resources */ = {isa = PBXBuildFile; fileRef = 634315E91E5A9D3800F35051 /* Assets.xcassets */; };
		634315ED1E5A9D3800F35051 /* LaunchScreen.storyboard in Resources */ = {isa = PBXBuildFile; fileRef = 634315EB1E5A9D3800F35051 /* LaunchScreen.storyboard */; };
		634315F81E5A9D3800F35051 /* ____Tests.m in Sources */ = {isa = PBXBuildFile; fileRef = 634315F71E5A9D3800F35051 /* ____Tests.m */; };
		634316031E5A9D3800F35051 /* ____UITests.m in Sources */ = {isa = PBXBuildFile; fileRef = 634316021E5A9D3800F35051 /* ____UITests.m */; };
		634316121E5A9D4E00F35051 /* StarView.m in Sources */ = {isa = PBXBuildFile; fileRef = 634316111E5A9D4E00F35051 /* StarView.m */; };
		634316141E5A9D5600F35051 /* evaStar副本.png in Resources */ = {isa = PBXBuildFile; fileRef = 634316131E5A9D5600F35051 /* evaStar副本.png */; };
/* End PBXBuildFile section */

/* Begin PBXContainerItemProxy section */
		634315F41E5A9D3800F35051 /* PBXContainerItemProxy */ = {
			isa = PBXContainerItemProxy;
			containerPortal = 634315D21E5A9D3800F35051 /* Project object */;
			proxyType = 1;
			remoteGlobalIDString = 634315D91E5A9D3800F35051;
			remoteInfo = "星级评论";
		};
		634315FF1E5A9D3800F35051 /* PBXContainerItemProxy */ = {
			isa = PBXContainerItemProxy;
			containerPortal = 634315D21E5A9D3800F35051 /* Project object */;
			proxyType = 1;
			remoteGlobalIDString = 634315D91E5A9D3800F35051;
			remoteInfo = "星级评论";
		};
/* End PBXContainerItemProxy section */

/* Begin PBXFileReference section */
		634315DA1E5A9D3800F35051 /* 星级评论.app */ = {isa = PBXFileReference; explicitFileType = wrapper.application; includeInIndex = 0; path = "星级评论.app"; sourceTree = BUILT_PRODUCTS_DIR; };
		634315DE1E5A9D3800F35051 /* main.m */ = {isa = PBXFileReference; lastKnownFileType = sourcecode.c.objc; path = main.m; sourceTree = "<group>"; };
		634315E01E5A9D3800F35051 /* AppDelegate.h */ = {isa = PBXFileReference; lastKnownFileType = sourcecode.c.h; path = AppDelegate.h; sourceTree = "<group>"; };
		634315E11E5A9D3800F35051 /* AppDelegate.m */ = {isa = PBXFileReference; lastKnownFileType = sourcecode.c.objc; path = AppDelegate.m; sourceTree = "<group>"; };
		634315E31E5A9D3800F35051 /* ViewController.h */ = {isa = PBXFileReference; lastKnownFileType = sourcecode.c.h; path = ViewController.h; sourceTree = "<group>"; };
		634315E41E5A9D3800F35051 /* ViewController.m */ = {isa = PBXFileReference; lastKnownFileType = sourcecode.c.objc; path = ViewController.m; sourceTree = "<group>"; };
		634315E71E5A9D3800F35051 /* Base */ = {isa = PBXFileReference; lastKnownFileType = file.storyboard; name = Base; path = Base.lproj/Main.storyboard; sourceTree = "<group>"; };
		634315E91E5A9D3800F35051 /* Assets.xcassets */ = {isa = PBXFileReference; lastKnownFileType = folder.assetcatalog; path = Assets.xcassets; sourceTree = "<group>"; };
		634315EC1E5A9D3800F35051 /* Base */ = {isa = PBXFileReference; lastKnownFileType = file.storyboard; name = Base; path = Base.lproj/LaunchScreen.storyboard; sourceTree = "<group>"; };
		634315EE1E5A9D3800F35051 /* Info.plist */ = {isa = PBXFileReference; lastKnownFileType = text.plist.xml; path = Info.plist; sourceTree = "<group>"; };
		634315F31E5A9D3800F35051 /* 星级评论Tests.xctest */ = {isa = PBXFileReference; explicitFileType = wrapper.cfbundle; includeInIndex = 0; path = "星级评论Tests.xctest"; sourceTree = BUILT_PRODUCTS_DIR; };
		634315F71E5A9D3800F35051 /* ____Tests.m */ = {isa = PBXFileReference; lastKnownFileType = sourcecode.c.objc; path = "____Tests.m"; sourceTree = "<group>"; };
		634315F91E5A9D3800F35051 /* Info.plist */ = {isa = PBXFileReference; lastKnownFileType = text.plist.xml; path = Info.plist; sourceTree = "<group>"; };
		634315FE1E5A9D3800F35051 /* 星级评论UITests.xctest */ = {isa = PBXFileReference; explicitFileType = wrapper.cfbundle; includeInIndex = 0; path = "星级评论UITests.xctest"; sourceTree = BUILT_PRODUCTS_DIR; };
		634316021E5A9D3800F35051 /* ____UITests.m */ = {isa = PBXFileReference; lastKnownFileType = sourcecode.c.objc; path = "____UITests.m"; sourceTree = "<group>"; };
		634316041E5A9D3800F35051 /* Info.plist */ = {isa = PBXFileReference; lastKnownFileType = text.plist.xml; path = Info.plist; sourceTree = "<group>"; };
		634316101E5A9D4E00F35051 /* StarView.h */ = {isa = PBXFileReference; fileEncoding = 4; lastKnownFileType = sourcecode.c.h; path = StarView.h; sourceTree = "<group>"; };
		634316111E5A9D4E00F35051 /* StarView.m */ = {isa = PBXFileReference; fileEncoding = 4; lastKnownFileType = sourcecode.c.objc; path = StarView.m; sourceTree = "<group>"; };
		634316131E5A9D5600F35051 /* evaStar副本.png */ = {isa = PBXFileReference; lastKnownFileType = image.png; path = "evaStar副本.png"; sourceTree = "<group>"; };
/* End PBXFileReference section */

/* Begin PBXFrameworksBuildPhase section */
		634315D71E5A9D3800F35051 /* Frameworks */ = {
			isa = PBXFrameworksBuildPhase;
			buildActionMask = 2147483647;
			files = (
			);
			runOnlyForDeploymentPostprocessing = 0;
		};
		634315F01E5A9D3800F35051 /* Frameworks */ = {
			isa = PBXFrameworksBuildPhase;
			buildActionMask = 2147483647;
			files = (
			);
			runOnlyForDeploymentPostprocessing = 0;
		};
		634315FB1E5A9D3800F35051 /* Frameworks */ = {
			isa = PBXFrameworksBuildPhase;
			buildActionMask = 2147483647;
			files = (
			);
			runOnlyForDeploymentPostprocessing = 0;
		};
/* End PBXFrameworksBuildPhase section */

/* Begin PBXGroup section */
		634315D11E5A9D3800F35051 = {
			isa = PBXGroup;
			children = (
				634315DC1E5A9D3800F35051 /* 星级评论 */,
				634315F61E5A9D3800F35051 /* 星级评论Tests */,
				634316011E5A9D3800F35051 /* 星级评论UITests */,
				634315DB1E5A9D3800F35051 /* Products */,
			);
			sourceTree = "<group>";
		};
		634315DB1E5A9D3800F35051 /* Products */ = {
			isa = PBXGroup;
			children = (
				634315DA1E5A9D3800F35051 /* 星级评论.app */,
				634315F31E5A9D3800F35051 /* 星级评论Tests.xctest */,
				634315FE1E5A9D3800F35051 /* 星级评论UITests.xctest */,
			);
			name = Products;
			sourceTree = "<group>";
		};
		634315DC1E5A9D3800F35051 /* 星级评论 */ = {
			isa = PBXGroup;
			children = (
				634316131E5A9D5600F35051 /* evaStar副本.png */,
				634315E01E5A9D3800F35051 /* AppDelegate.h */,
				634315E11E5A9D3800F35051 /* AppDelegate.m */,
				634315E31E5A9D3800F35051 /* ViewController.h */,
				634315E41E5A9D3800F35051 /* ViewController.m */,
				634316101E5A9D4E00F35051 /* StarView.h */,
				634316111E5A9D4E00F35051 /* StarView.m */,
				634315E61E5A9D3800F35051 /* Main.storyboard */,
				634315E91E5A9D3800F35051 /* Assets.xcassets */,
				634315EB1E5A9D3800F35051 /* LaunchScreen.storyboard */,
				634315EE1E5A9D3800F35051 /* Info.plist */,
				634315DD1E5A9D3800F35051 /* Supporting Files */,
			);
			path = "星级评论";
			sourceTree = "<group>";
		};
		634315DD1E5A9D3800F35051 /* Supporting Files */ = {
			isa = PBXGroup;
			children = (
				634315DE1E5A9D3800F35051 /* main.m */,
			);
			name = "Supporting Files";
			sourceTree = "<group>";
		};
		634315F61E5A9D3800F35051 /* 星级评论Tests */ = {
			isa = PBXGroup;
			children = (
				634315F71E5A9D3800F35051 /* ____Tests.m */,
				634315F91E5A9D3800F35051 /* Info.plist */,
			);
			path = "星级评论Tests";
			sourceTree = "<group>";
		};
		634316011E5A9D3800F35051 /* 星级评论UITests */ = {
			isa = PBXGroup;
			children = (
				634316021E5A9D3800F35051 /* ____UITests.m */,
				634316041E5A9D3800F35051 /* Info.plist */,
			);
			path = "星级评论UITests";
			sourceTree = "<group>";
		};
/* End PBXGroup section */

/* Begin PBXNativeTarget section */
		634315D91E5A9D3800F35051 /* 星级评论 */ = {
			isa = PBXNativeTarget;
			buildConfigurationList = 634316071E5A9D3800F35051 /* Build configuration list for PBXNativeTarget "星级评论" */;
			buildPhases = (
				634315D61E5A9D3800F35051 /* Sources */,
				634315D71E5A9D3800F35051 /* Frameworks */,
				634315D81E5A9D3800F35051 /* Resources */,
			);
			buildRules = (
			);
			dependencies = (
			);
			name = "星级评论";
			productName = "星级评论";
			productReference = 634315DA1E5A9D3800F35051 /* 星级评论.app */;
			productType = "com.apple.product-type.application";
		};
		634315F21E5A9D3800F35051 /* 星级评论Tests */ = {
			isa = PBXNativeTarget;
			buildConfigurationList = 6343160A1E5A9D3800F35051 /* Build configuration list for PBXNativeTarget "星级评论Tests" */;
			buildPhases = (
				634315EF1E5A9D3800F35051 /* Sources */,
				634315F01E5A9D3800F35051 /* Frameworks */,
				634315F11E5A9D3800F35051 /* Resources */,
			);
			buildRules = (
			);
			dependencies = (
				634315F51E5A9D3800F35051 /* PBXTargetDependency */,
			);
			name = "星级评论Tests";
			productName = "星级评论Tests";
			productReference = 634315F31E5A9D3800F35051 /* 星级评论Tests.xctest */;
			productType = "com.apple.product-type.bundle.unit-test";
		};
		634315FD1E5A9D3800F35051 /* 星级评论UITests */ = {
			isa = PBXNativeTarget;
			buildConfigurationList = 6343160D1E5A9D3800F35051 /* Build configuration list for PBXNativeTarget "星级评论UITests" */;
			buildPhases = (
				634315FA1E5A9D3800F35051 /* Sources */,
				634315FB1E5A9D3800F35051 /* Frameworks */,
				634315FC1E5A9D3800F35051 /* Resources */,
			);
			buildRules = (
			);
			dependencies = (
				634316001E5A9D3800F35051 /* PBXTargetDependency */,
			);
			name = "星级评论UITests";
			productName = "星级评论UITests";
			productReference = 634315FE1E5A9D3800F35051 /* 星级评论UITests.xctest */;
			productType = "com.apple.product-type.bundle.ui-testing";
		};
/* End PBXNativeTarget section */

/* Begin PBXProject section */
		634315D21E5A9D3800F35051 /* Project object */ = {
			isa = PBXProject;
			attributes = {
				LastUpgradeCheck = 0810;
				ORGANIZATIONNAME = com.wh1.guozhentang;
				TargetAttributes = {
					634315D91E5A9D3800F35051 = {
						CreatedOnToolsVersion = 8.1;
						ProvisioningStyle = Automatic;
					};
					634315F21E5A9D3800F35051 = {
						CreatedOnToolsVersion = 8.1;
						ProvisioningStyle = Automatic;
						TestTargetID = 634315D91E5A9D3800F35051;
					};
					634315FD1E5A9D3800F35051 = {
						CreatedOnToolsVersion = 8.1;
						ProvisioningStyle = Automatic;
						TestTargetID = 634315D91E5A9D3800F35051;
					};
				};
			};
			buildConfigurationList = 634315D51E5A9D3800F35051 /* Build configuration list for PBXProject "星级评论" */;
			compatibilityVersion = "Xcode 3.2";
			developmentRegion = English;
			hasScannedForEncodings = 0;
			knownRegions = (
				en,
				Base,
			);
			mainGroup = 634315D11E5A9D3800F35051;
			productRefGroup = 634315DB1E5A9D3800F35051 /* Products */;
			projectDirPath = "";
			projectRoot = "";
			targets = (
				634315D91E5A9D3800F35051 /* 星级评论 */,
				634315F21E5A9D3800F35051 /* 星级评论Tests */,
				634315FD1E5A9D3800F35051 /* 星级评论UITests */,
			);
		};
/* End PBXProject section */

/* Begin PBXResourcesBuildPhase section */
		634315D81E5A9D3800F35051 /* Resources */ = {
			isa = PBXResourcesBuildPhase;
			buildActionMask = 2147483647;
			files = (
				634315ED1E5A9D3800F35051 /* LaunchScreen.storyboard in Resources */,
				634316141E5A9D5600F35051 /* evaStar副本.png in Resources */,
				634315EA1E5A9D3800F35051 /* Assets.xcassets in Resources */,
				634315E81E5A9D3800F35051 /* Main.storyboard in Resources */,
			);
			runOnlyForDeploymentPostprocessing = 0;
		};
		634315F11E5A9D3800F35051 /* Resources */ = {
			isa = PBXResourcesBuildPhase;
			buildActionMask = 2147483647;
			files = (
			);
			runOnlyForDeploymentPostprocessing = 0;
		};
		634315FC1E5A9D3800F35051 /* Resources */ = {
			isa = PBXResourcesBuildPhase;
			buildActionMask = 2147483647;
			files = (
			);
			runOnlyForDeploymentPostprocessing = 0;
		};
/* End PBXResourcesBuildPhase section */

/* Begin PBXSourcesBuildPhase section */
		634315D61E5A9D3800F35051 /* Sources */ = {
			isa = PBXSourcesBuildPhase;
			buildActionMask = 2147483647;
			files = (
				634315E51E5A9D3800F35051 /* ViewController.m in Sources */,
				634315E21E5A9D3800F35051 /* AppDelegate.m in Sources */,
				634316121E5A9D4E00F35051 /* StarView.m in Sources */,
				634315DF1E5A9D3800F35051 /* main.m in Sources */,
			);
			runOnlyForDeploymentPostprocessing = 0;
		};
		634315EF1E5A9D3800F35051 /* Sources */ = {
			isa = PBXSourcesBuildPhase;
			buildActionMask = 2147483647;
			files = (
				634315F81E5A9D3800F35051 /* ____Tests.m in Sources */,
			);
			runOnlyForDeploymentPostprocessing = 0;
		};
		634315FA1E5A9D3800F35051 /* Sources */ = {
			isa = PBXSourcesBuildPhase;
			buildActionMask = 2147483647;
			files = (
				634316031E5A9D3800F35051 /* ____UITests.m in Sources */,
			);
			runOnlyForDeploymentPostprocessing = 0;
		};
/* End PBXSourcesBuildPhase section */

/* Begin PBXTargetDependency section */
		634315F51E5A9D3800F35051 /* PBXTargetDependency */ = {
			isa = PBXTargetDependency;
			target = 634315D91E5A9D3800F35051 /* 星级评论 */;
			targetProxy = 634315F41E5A9D3800F35051 /* PBXContainerItemProxy */;
		};
		634316001E5A9D3800F35051 /* PBXTargetDependency */ = {
			isa = PBXTargetDependency;
			target = 634315D91E5A9D3800F35051 /* 星级评论 */;
			targetProxy = 634315FF1E5A9D3800F35051 /* PBXContainerItemProxy */;
		};
/* End PBXTargetDependency section */

/* Begin PBXVariantGroup section */
		634315E61E5A9D3800F35051 /* Main.storyboard */ = {
			isa = PBXVariantGroup;
			children = (
				634315E71E5A9D3800F35051 /* Base */,
			);
			name = Main.storyboard;
			sourceTree = "<group>";
		};
		634315EB1E5A9D3800F35051 /* LaunchScreen.storyboard */ = {
			isa = PBXVariantGroup;
			children = (
				634315EC1E5A9D3800F35051 /* Base */,
			);
			name = LaunchScreen.storyboard;
			sourceTree = "<group>";
		};
/* End PBXVariantGroup section */

/* Begin XCBuildConfiguration section */
		634316051E5A9D3800F35051 /* Debug */ = {
			isa = XCBuildConfiguration;
			buildSettings = {
				ALWAYS_SEARCH_USER_PATHS = NO;
				CLANG_ANALYZER_NONNULL = YES;
				CLANG_CXX_LANGUAGE_STANDARD = "gnu++0x";
				CLANG_CXX_LIBRARY = "libc++";
				CLANG_ENABLE_MODULES = YES;
				CLANG_ENABLE_OBJC_ARC = YES;
				CLANG_WARN_BOOL_CONVERSION = YES;
				CLANG_WARN_CONSTANT_CONVERSION = YES;
				CLANG_WARN_DIRECT_OBJC_ISA_USAGE = YES_ERROR;
				CLANG_WARN_DOCUMENTATION_COMMENTS = YES;
				CLANG_WARN_EMPTY_BODY = YES;
				CLANG_WARN_ENUM_CONVERSION = YES;
				CLANG_WARN_INFINITE_RECURSION = YES;
				CLANG_WARN_INT_CONVERSION = YES;
				CLANG_WARN_OBJC_ROOT_CLASS = YES_ERROR;
				CLANG_WARN_SUSPICIOUS_MOVES = YES;
				CLANG_WARN_UNREACHABLE_CODE = YES;
				CLANG_WARN__DUPLICATE_METHOD_MATCH = YES;
				"CODE_SIGN_IDENTITY[sdk=iphoneos*]" = "iPhone Developer";
				COPY_PHASE_STRIP = NO;
				DEBUG_INFORMATION_FORMAT = dwarf;
				ENABLE_STRICT_OBJC_MSGSEND = YES;
				ENABLE_TESTABILITY = YES;
				GCC_C_LANGUAGE_STANDARD = gnu99;
				GCC_DYNAMIC_NO_PIC = NO;
				GCC_NO_COMMON_BLOCKS = YES;
				GCC_OPTIMIZATION_LEVEL = 0;
				GCC_PREPROCESSOR_DEFINITIONS = (
					"DEBUG=1",
					"$(inherited)",
				);
				GCC_WARN_64_TO_32_BIT_CONVERSION = YES;
				GCC_WARN_ABOUT_RETURN_TYPE = YES_ERROR;
				GCC_WARN_UNDECLARED_SELECTOR = YES;
				GCC_WARN_UNINITIALIZED_AUTOS = YES_AGGRESSIVE;
				GCC_WARN_UNUSED_FUNCTION = YES;
				GCC_WARN_UNUSED_VARIABLE = YES;
				IPHONEOS_DEPLOYMENT_TARGET = 10.1;
				MTL_ENABLE_DEBUG_INFO = YES;
				ONLY_ACTIVE_ARCH = YES;
				SDKROOT = iphoneos;
			};
			name = Debug;
		};
		634316061E5A9D3800F35051 /* Release */ = {
			isa = XCBuildConfiguration;
			buildSettings = {
				ALWAYS_SEARCH_USER_PATHS = NO;
				CLANG_ANALYZER_NONNULL = YES;
				CLANG_CXX_LANGUAGE_STANDARD = "gnu++0x";
				CLANG_CXX_LIBRARY = "libc++";
				CLANG_ENABLE_MODULES = YES;
				CLANG_ENABLE_OBJC_ARC = YES;
				CLANG_WARN_BOOL_CONVERSION = YES;
				CLANG_WARN_CONSTANT_CONVERSION = YES;
				CLANG_WARN_DIRECT_OBJC_ISA_USAGE = YES_ERROR;
				CLANG_WARN_DOCUMENTATION_COMMENTS = YES;
				CLANG_WARN_EMPTY_BODY = YES;
				CLANG_WARN_ENUM_CONVERSION = YES;
				CLANG_WARN_INFINITE_RECURSION = YES;
				CLANG_WARN_INT_CONVERSION = YES;
				CLANG_WARN_OBJC_ROOT_CLASS = YES_ERROR;
				CLANG_WARN_SUSPICIOUS_MOVES = YES;
				CLANG_WARN_UNREACHABLE_CODE = YES;
				CLANG_WARN__DUPLICATE_METHOD_MATCH = YES;
				"CODE_SIGN_IDENTITY[sdk=iphoneos*]" = "iPhone Developer";
				COPY_PHASE_STRIP = NO;
				DEBUG_INFORMATION_FORMAT = "dwarf-with-dsym";
				ENABLE_NS_ASSERTIONS = NO;
				ENABLE_STRICT_OBJC_MSGSEND = YES;
				GCC_C_LANGUAGE_STANDARD = gnu99;
				GCC_NO_COMMON_BLOCKS = YES;
				GCC_WARN_64_TO_32_BIT_CONVERSION = YES;
				GCC_WARN_ABOUT_RETURN_TYPE = YES_ERROR;
				GCC_WARN_UNDECLARED_SELECTOR = YES;
				GCC_WARN_UNINITIALIZED_AUTOS = YES_AGGRESSIVE;
				GCC_WARN_UNUSED_FUNCTION = YES;
				GCC_WARN_UNUSED_VARIABLE = YES;
				IPHONEOS_DEPLOYMENT_TARGET = 10.1;
				MTL_ENABLE_DEBUG_INFO = NO;
				SDKROOT = iphoneos;
				VALIDATE_PRODUCT = YES;
			};
			name = Release;
		};
		634316081E5A9D3800F35051 /* Debug */ = {
			isa = XCBuildConfiguration;
			buildSettings = {
				ASSETCATALOG_COMPILER_APPICON_NAME = AppIcon;
				INFOPLIST_FILE = "星级评论/Info.plist";
				LD_RUNPATH_SEARCH_PATHS = "$(inherited) @executable_path/Frameworks";
				PRODUCT_BUNDLE_IDENTIFIER = "cn.jft365.yunfengchao.----";
				PRODUCT_NAME = "$(TARGET_NAME)";
			};
			name = Debug;
		};
		634316091E5A9D3800F35051 /* Release */ = {
			isa = XCBuildConfiguration;
			buildSettings = {
				ASSETCATALOG_COMPILER_APPICON_NAME = AppIcon;
				INFOPLIST_FILE = "星级评论/Info.plist";
				LD_RUNPATH_SEARCH_PATHS = "$(inherited) @executable_path/Frameworks";
				PRODUCT_BUNDLE_IDENTIFIER = "cn.jft365.yunfengchao.----";
				PRODUCT_NAME = "$(TARGET_NAME)";
			};
			name = Release;
		};
		6343160B1E5A9D3800F35051 /* Debug */ = {
			isa = XCBuildConfiguration;
			buildSettings = {
				BUNDLE_LOADER = "$(TEST_HOST)";
				INFOPLIST_FILE = "星级评论Tests/Info.plist";
				LD_RUNPATH_SEARCH_PATHS = "$(inherited) @executable_path/Frameworks @loader_path/Frameworks";
				PRODUCT_BUNDLE_IDENTIFIER = "cn.jft365.yunfengchao.----Tests";
				PRODUCT_NAME = "$(TARGET_NAME)";
				TEST_HOST = "$(BUILT_PRODUCTS_DIR)/星级评论.app/星级评论";
			};
			name = Debug;
		};
		6343160C1E5A9D3800F35051 /* Release */ = {
			isa = XCBuildConfiguration;
			buildSettings = {
				BUNDLE_LOADER = "$(TEST_HOST)";
				INFOPLIST_FILE = "星级评论Tests/Info.plist";
				LD_RUNPATH_SEARCH_PATHS = "$(inherited) @executable_path/Frameworks @loader_path/Frameworks";
				PRODUCT_BUNDLE_IDENTIFIER = "cn.jft365.yunfengchao.----Tests";
				PRODUCT_NAME = "$(TARGET_NAME)";
				TEST_HOST = "$(BUILT_PRODUCTS_DIR)/星级评论.app/星级评论";
			};
			name = Release;
		};
		6343160E1E5A9D3800F35051 /* Debug */ = {
			isa = XCBuildConfiguration;
			buildSettings = {
				INFOPLIST_FILE = "星级评论UITests/Info.plist";
				LD_RUNPATH_SEARCH_PATHS = "$(inherited) @executable_path/Frameworks @loader_path/Frameworks";
				PRODUCT_BUNDLE_IDENTIFIER = "cn.jft365.yunfengchao.----UITests";
				PRODUCT_NAME = "$(TARGET_NAME)";
				TEST_TARGET_NAME = "星级评论";
			};
			name = Debug;
		};
		6343160F1E5A9D3800F35051 /* Release */ = {
			isa = XCBuildConfiguration;
			buildSettings = {
				INFOPLIST_FILE = "星级评论UITests/Info.plist";
				LD_RUNPATH_SEARCH_PATHS = "$(inherited) @executable_path/Frameworks @loader_path/Frameworks";
				PRODUCT_BUNDLE_IDENTIFIER = "cn.jft365.yunfengchao.----UITests";
				PRODUCT_NAME = "$(TARGET_NAME)";
				TEST_TARGET_NAME = "星级评论";
			};
			name = Release;
		};
/* End XCBuildConfiguration section */

/* Begin XCConfigurationList section */
		634315D51E5A9D3800F35051 /* Build configuration list for PBXProject "星级评论" */ = {
			isa = XCConfigurationList;
			buildConfigurations = (
				634316051E5A9D3800F35051 /* Debug */,
				634316061E5A9D3800F35051 /* Release */,
			);
			defaultConfigurationIsVisible = 0;
			defaultConfigurationName = Release;
		};
		634316071E5A9D3800F35051 /* Build configuration list for PBXNativeTarget "星级评论" */ = {
			isa = XCConfigurationList;
			buildConfigurations = (
				634316081E5A9D3800F35051 /* Debug */,
				634316091E5A9D3800F35051 /* Release */,
			);
			defaultConfigurationIsVisible = 0;
		};
		6343160A1E5A9D3800F35051 /* Build configuration list for PBXNativeTarget "星级评论Tests" */ = {
			isa = XCConfigurationList;
			buildConfigurations = (
				6343160B1E5A9D3800F35051 /* Debug */,
				6343160C1E5A9D3800F35051 /* Release */,
			);
			defaultConfigurationIsVisible = 0;
		};
		6343160D1E5A9D3800F35051 /* Build configuration list for PBXNativeTarget "星级评论UITests" */ = {
			isa = XCConfigurationList;
			buildConfigurations = (
				6343160E1E5A9D3800F35051 /* Debug */,
				6343160F1E5A9D3800F35051 /* Release */,
			);
			defaultConfigurationIsVisible = 0;
		};
/* End XCConfigurationList section */
	};
	rootObject = 634315D21E5A9D3800F35051 /* Project object */;
}
