// !$*UTF8*$!
{
	archiveVersion = 1;
	classes = {
	};
	objectVersion = 46;
	objects = {

/* Begin PBXBuildFile section */
		5A8E9CB51C4F57C90046F567 /* main.m in Sources */ = {isa = PBXBuildFile; fileRef = 5A8E9CB41C4F57C90046F567 /* main.m */; };
		5A8E9CB81C4F57C90046F567 /* AppDelegate.m in Sources */ = {isa = PBXBuildFile; fileRef = 5A8E9CB71C4F57C90046F567 /* AppDelegate.m */; };
		5A8E9CBB1C4F57C90046F567 /* ViewController.m in Sources */ = {isa = PBXBuildFile; fileRef = 5A8E9CBA1C4F57C90046F567 /* ViewController.m */; };
		5A8E9CBE1C4F57C90046F567 /* Main.storyboard in Resources */ = {isa = PBXBuildFile; fileRef = 5A8E9CBC1C4F57C90046F567 /* Main.storyboard */; };
		5A8E9CC01C4F57C90046F567 /* Assets.xcassets in Resources */ = {isa = PBXBuildFile; fileRef = 5A8E9CBF1C4F57C90046F567 /* Assets.xcassets */; };
		5A8E9CC31C4F57C90046F567 /* LaunchScreen.storyboard in Resources */ = {isa = PBXBuildFile; fileRef = 5A8E9CC11C4F57C90046F567 /* LaunchScreen.storyboard */; };
		5A8E9CCE1C4F57C90046F567 /* lunboTests.m in Sources */ = {isa = PBXBuildFile; fileRef = 5A8E9CCD1C4F57C90046F567 /* lunboTests.m */; };
		5A8E9CD91C4F57C90046F567 /* lunboUITests.m in Sources */ = {isa = PBXBuildFile; fileRef = 5A8E9CD81C4F57C90046F567 /* lunboUITests.m */; };
/* End PBXBuildFile section */

/* Begin PBXContainerItemProxy section */
		5A8E9CCA1C4F57C90046F567 /* PBXContainerItemProxy */ = {
			isa = PBXContainerItemProxy;
			containerPortal = 5A8E9CA81C4F57C90046F567 /* Project object */;
			proxyType = 1;
			remoteGlobalIDString = 5A8E9CAF1C4F57C90046F567;
			remoteInfo = lunbo;
		};
		5A8E9CD51C4F57C90046F567 /* PBXContainerItemProxy */ = {
			isa = PBXContainerItemProxy;
			containerPortal = 5A8E9CA81C4F57C90046F567 /* Project object */;
			proxyType = 1;
			remoteGlobalIDString = 5A8E9CAF1C4F57C90046F567;
			remoteInfo = lunbo;
		};
/* End PBXContainerItemProxy section */

/* Begin PBXFileReference section */
		5A8E9CB01C4F57C90046F567 /* lunbo.app */ = {isa = PBXFileReference; explicitFileType = wrapper.application; includeInIndex = 0; path = lunbo.app; sourceTree = BUILT_PRODUCTS_DIR; };
		5A8E9CB41C4F57C90046F567 /* main.m */ = {isa = PBXFileReference; lastKnownFileType = sourcecode.c.objc; path = main.m; sourceTree = "<group>"; };
		5A8E9CB61C4F57C90046F567 /* AppDelegate.h */ = {isa = PBXFileReference; lastKnownFileType = sourcecode.c.h; path = AppDelegate.h; sourceTree = "<group>"; };
		5A8E9CB71C4F57C90046F567 /* AppDelegate.m */ = {isa = PBXFileReference; lastKnownFileType = sourcecode.c.objc; path = AppDelegate.m; sourceTree = "<group>"; };
		5A8E9CB91C4F57C90046F567 /* ViewController.h */ = {isa = PBXFileReference; lastKnownFileType = sourcecode.c.h; path = ViewController.h; sourceTree = "<group>"; };
		5A8E9CBA1C4F57C90046F567 /* ViewController.m */ = {isa = PBXFileReference; lastKnownFileType = sourcecode.c.objc; path = ViewController.m; sourceTree = "<group>"; };
		5A8E9CBD1C4F57C90046F567 /* Base */ = {isa = PBXFileReference; lastKnownFileType = file.storyboard; name = Base; path = Base.lproj/Main.storyboard; sourceTree = "<group>"; };
		5A8E9CBF1C4F57C90046F567 /* Assets.xcassets */ = {isa = PBXFileReference; lastKnownFileType = folder.assetcatalog; path = Assets.xcassets; sourceTree = "<group>"; };
		5A8E9CC21C4F57C90046F567 /* Base */ = {isa = PBXFileReference; lastKnownFileType = file.storyboard; name = Base; path = Base.lproj/LaunchScreen.storyboard; sourceTree = "<group>"; };
		5A8E9CC41C4F57C90046F567 /* Info.plist */ = {isa = PBXFileReference; lastKnownFileType = text.plist.xml; path = Info.plist; sourceTree = "<group>"; };
		5A8E9CC91C4F57C90046F567 /* lunboTests.xctest */ = {isa = PBXFileReference; explicitFileType = wrapper.cfbundle; includeInIndex = 0; path = lunboTests.xctest; sourceTree = BUILT_PRODUCTS_DIR; };
		5A8E9CCD1C4F57C90046F567 /* lunboTests.m */ = {isa = PBXFileReference; lastKnownFileType = sourcecode.c.objc; path = lunboTests.m; sourceTree = "<group>"; };
		5A8E9CCF1C4F57C90046F567 /* Info.plist */ = {isa = PBXFileReference; lastKnownFileType = text.plist.xml; path = Info.plist; sourceTree = "<group>"; };
		5A8E9CD41C4F57C90046F567 /* lunboUITests.xctest */ = {isa = PBXFileReference; explicitFileType = wrapper.cfbundle; includeInIndex = 0; path = lunboUITests.xctest; sourceTree = BUILT_PRODUCTS_DIR; };
		5A8E9CD81C4F57C90046F567 /* lunboUITests.m */ = {isa = PBXFileReference; lastKnownFileType = sourcecode.c.objc; path = lunboUITests.m; sourceTree = "<group>"; };
		5A8E9CDA1C4F57C90046F567 /* Info.plist */ = {isa = PBXFileReference; lastKnownFileType = text.plist.xml; path = Info.plist; sourceTree = "<group>"; };
/* End PBXFileReference section */

/* Begin PBXFrameworksBuildPhase section */
		5A8E9CAD1C4F57C90046F567 /* Frameworks */ = {
			isa = PBXFrameworksBuildPhase;
			buildActionMask = 2147483647;
			files = (
			);
			runOnlyForDeploymentPostprocessing = 0;
		};
		5A8E9CC61C4F57C90046F567 /* Frameworks */ = {
			isa = PBXFrameworksBuildPhase;
			buildActionMask = 2147483647;
			files = (
			);
			runOnlyForDeploymentPostprocessing = 0;
		};
		5A8E9CD11C4F57C90046F567 /* Frameworks */ = {
			isa = PBXFrameworksBuildPhase;
			buildActionMask = 2147483647;
			files = (
			);
			runOnlyForDeploymentPostprocessing = 0;
		};
/* End PBXFrameworksBuildPhase section */

/* Begin PBXGroup section */
		5A8E9CA71C4F57C90046F567 = {
			isa = PBXGroup;
			children = (
				5A8E9CB21C4F57C90046F567 /* lunbo */,
				5A8E9CCC1C4F57C90046F567 /* lunboTests */,
				5A8E9CD71C4F57C90046F567 /* lunboUITests */,
				5A8E9CB11C4F57C90046F567 /* Products */,
			);
			sourceTree = "<group>";
		};
		5A8E9CB11C4F57C90046F567 /* Products */ = {
			isa = PBXGroup;
			children = (
				5A8E9CB01C4F57C90046F567 /* lunbo.app */,
				5A8E9CC91C4F57C90046F567 /* lunboTests.xctest */,
				5A8E9CD41C4F57C90046F567 /* lunboUITests.xctest */,
			);
			name = Products;
			sourceTree = "<group>";
		};
		5A8E9CB21C4F57C90046F567 /* lunbo */ = {
			isa = PBXGroup;
			children = (
				5A8E9CB61C4F57C90046F567 /* AppDelegate.h */,
				5A8E9CB71C4F57C90046F567 /* AppDelegate.m */,
				5A8E9CB91C4F57C90046F567 /* ViewController.h */,
				5A8E9CBA1C4F57C90046F567 /* ViewController.m */,
				5A8E9CBC1C4F57C90046F567 /* Main.storyboard */,
				5A8E9CBF1C4F57C90046F567 /* Assets.xcassets */,
				5A8E9CC11C4F57C90046F567 /* LaunchScreen.storyboard */,
				5A8E9CC41C4F57C90046F567 /* Info.plist */,
				5A8E9CB31C4F57C90046F567 /* Supporting Files */,
			);
			path = lunbo;
			sourceTree = "<group>";
		};
		5A8E9CB31C4F57C90046F567 /* Supporting Files */ = {
			isa = PBXGroup;
			children = (
				5A8E9CB41C4F57C90046F567 /* main.m */,
			);
			name = "Supporting Files";
			sourceTree = "<group>";
		};
		5A8E9CCC1C4F57C90046F567 /* lunboTests */ = {
			isa = PBXGroup;
			children = (
				5A8E9CCD1C4F57C90046F567 /* lunboTests.m */,
				5A8E9CCF1C4F57C90046F567 /* Info.plist */,
			);
			path = lunboTests;
			sourceTree = "<group>";
		};
		5A8E9CD71C4F57C90046F567 /* lunboUITests */ = {
			isa = PBXGroup;
			children = (
				5A8E9CD81C4F57C90046F567 /* lunboUITests.m */,
				5A8E9CDA1C4F57C90046F567 /* Info.plist */,
			);
			path = lunboUITests;
			sourceTree = "<group>";
		};
/* End PBXGroup section */

/* Begin PBXNativeTarget section */
		5A8E9CAF1C4F57C90046F567 /* lunbo */ = {
			isa = PBXNativeTarget;
			buildConfigurationList = 5A8E9CDD1C4F57C90046F567 /* Build configuration list for PBXNativeTarget "lunbo" */;
			buildPhases = (
				5A8E9CAC1C4F57C90046F567 /* Sources */,
				5A8E9CAD1C4F57C90046F567 /* Frameworks */,
				5A8E9CAE1C4F57C90046F567 /* Resources */,
			);
			buildRules = (
			);
			dependencies = (
			);
			name = lunbo;
			productName = lunbo;
			productReference = 5A8E9CB01C4F57C90046F567 /* lunbo.app */;
			productType = "com.apple.product-type.application";
		};
		5A8E9CC81C4F57C90046F567 /* lunboTests */ = {
			isa = PBXNativeTarget;
			buildConfigurationList = 5A8E9CE01C4F57C90046F567 /* Build configuration list for PBXNativeTarget "lunboTests" */;
			buildPhases = (
				5A8E9CC51C4F57C90046F567 /* Sources */,
				5A8E9CC61C4F57C90046F567 /* Frameworks */,
				5A8E9CC71C4F57C90046F567 /* Resources */,
			);
			buildRules = (
			);
			dependencies = (
				5A8E9CCB1C4F57C90046F567 /* PBXTargetDependency */,
			);
			name = lunboTests;
			productName = lunboTests;
			productReference = 5A8E9CC91C4F57C90046F567 /* lunboTests.xctest */;
			productType = "com.apple.product-type.bundle.unit-test";
		};
		5A8E9CD31C4F57C90046F567 /* lunboUITests */ = {
			isa = PBXNativeTarget;
			buildConfigurationList = 5A8E9CE31C4F57C90046F567 /* Build configuration list for PBXNativeTarget "lunboUITests" */;
			buildPhases = (
				5A8E9CD01C4F57C90046F567 /* Sources */,
				5A8E9CD11C4F57C90046F567 /* Frameworks */,
				5A8E9CD21C4F57C90046F567 /* Resources */,
			);
			buildRules = (
			);
			dependencies = (
				5A8E9CD61C4F57C90046F567 /* PBXTargetDependency */,
			);
			name = lunboUITests;
			productName = lunboUITests;
			productReference = 5A8E9CD41C4F57C90046F567 /* lunboUITests.xctest */;
			productType = "com.apple.product-type.bundle.ui-testing";
		};
/* End PBXNativeTarget section */

/* Begin PBXProject section */
		5A8E9CA81C4F57C90046F567 /* Project object */ = {
			isa = PBXProject;
			attributes = {
				LastUpgradeCheck = 0710;
				ORGANIZATIONNAME = LvPoul;
				TargetAttributes = {
					5A8E9CAF1C4F57C90046F567 = {
						CreatedOnToolsVersion = 7.1.1;
					};
					5A8E9CC81C4F57C90046F567 = {
						CreatedOnToolsVersion = 7.1.1;
						TestTargetID = 5A8E9CAF1C4F57C90046F567;
					};
					5A8E9CD31C4F57C90046F567 = {
						CreatedOnToolsVersion = 7.1.1;
						TestTargetID = 5A8E9CAF1C4F57C90046F567;
					};
				};
			};
			buildConfigurationList = 5A8E9CAB1C4F57C90046F567 /* Build configuration list for PBXProject "lunbo" */;
			compatibilityVersion = "Xcode 3.2";
			developmentRegion = English;
			hasScannedForEncodings = 0;
			knownRegions = (
				en,
				Base,
			);
			mainGroup = 5A8E9CA71C4F57C90046F567;
			productRefGroup = 5A8E9CB11C4F57C90046F567 /* Products */;
			projectDirPath = "";
			projectRoot = "";
			targets = (
				5A8E9CAF1C4F57C90046F567 /* lunbo */,
				5A8E9CC81C4F57C90046F567 /* lunboTests */,
				5A8E9CD31C4F57C90046F567 /* lunboUITests */,
			);
		};
/* End PBXProject section */

/* Begin PBXResourcesBuildPhase section */
		5A8E9CAE1C4F57C90046F567 /* Resources */ = {
			isa = PBXResourcesBuildPhase;
			buildActionMask = 2147483647;
			files = (
				5A8E9CC31C4F57C90046F567 /* LaunchScreen.storyboard in Resources */,
				5A8E9CC01C4F57C90046F567 /* Assets.xcassets in Resources */,
				5A8E9CBE1C4F57C90046F567 /* Main.storyboard in Resources */,
			);
			runOnlyForDeploymentPostprocessing = 0;
		};
		5A8E9CC71C4F57C90046F567 /* Resources */ = {
			isa = PBXResourcesBuildPhase;
			buildActionMask = 2147483647;
			files = (
			);
			runOnlyForDeploymentPostprocessing = 0;
		};
		5A8E9CD21C4F57C90046F567 /* Resources */ = {
			isa = PBXResourcesBuildPhase;
			buildActionMask = 2147483647;
			files = (
			);
			runOnlyForDeploymentPostprocessing = 0;
		};
/* End PBXResourcesBuildPhase section */

/* Begin PBXSourcesBuildPhase section */
		5A8E9CAC1C4F57C90046F567 /* Sources */ = {
			isa = PBXSourcesBuildPhase;
			buildActionMask = 2147483647;
			files = (
				5A8E9CBB1C4F57C90046F567 /* ViewController.m in Sources */,
				5A8E9CB81C4F57C90046F567 /* AppDelegate.m in Sources */,
				5A8E9CB51C4F57C90046F567 /* main.m in Sources */,
			);
			runOnlyForDeploymentPostprocessing = 0;
		};
		5A8E9CC51C4F57C90046F567 /* Sources */ = {
			isa = PBXSourcesBuildPhase;
			buildActionMask = 2147483647;
			files = (
				5A8E9CCE1C4F57C90046F567 /* lunboTests.m in Sources */,
			);
			runOnlyForDeploymentPostprocessing = 0;
		};
		5A8E9CD01C4F57C90046F567 /* Sources */ = {
			isa = PBXSourcesBuildPhase;
			buildActionMask = 2147483647;
			files = (
				5A8E9CD91C4F57C90046F567 /* lunboUITests.m in Sources */,
			);
			runOnlyForDeploymentPostprocessing = 0;
		};
/* End PBXSourcesBuildPhase section */

/* Begin PBXTargetDependency section */
		5A8E9CCB1C4F57C90046F567 /* PBXTargetDependency */ = {
			isa = PBXTargetDependency;
			target = 5A8E9CAF1C4F57C90046F567 /* lunbo */;
			targetProxy = 5A8E9CCA1C4F57C90046F567 /* PBXContainerItemProxy */;
		};
		5A8E9CD61C4F57C90046F567 /* PBXTargetDependency */ = {
			isa = PBXTargetDependency;
			target = 5A8E9CAF1C4F57C90046F567 /* lunbo */;
			targetProxy = 5A8E9CD51C4F57C90046F567 /* PBXContainerItemProxy */;
		};
/* End PBXTargetDependency section */

/* Begin PBXVariantGroup section */
		5A8E9CBC1C4F57C90046F567 /* Main.storyboard */ = {
			isa = PBXVariantGroup;
			children = (
				5A8E9CBD1C4F57C90046F567 /* Base */,
			);
			name = Main.storyboard;
			sourceTree = "<group>";
		};
		5A8E9CC11C4F57C90046F567 /* LaunchScreen.storyboard */ = {
			isa = PBXVariantGroup;
			children = (
				5A8E9CC21C4F57C90046F567 /* Base */,
			);
			name = LaunchScreen.storyboard;
			sourceTree = "<group>";
		};
/* End PBXVariantGroup section */

/* Begin XCBuildConfiguration section */
		5A8E9CDB1C4F57C90046F567 /* Debug */ = {
			isa = XCBuildConfiguration;
			buildSettings = {
				ALWAYS_SEARCH_USER_PATHS = NO;
				CLANG_CXX_LANGUAGE_STANDARD = "gnu++0x";
				CLANG_CXX_LIBRARY = "libc++";
				CLANG_ENABLE_MODULES = YES;
				CLANG_ENABLE_OBJC_ARC = YES;
				CLANG_WARN_BOOL_CONVERSION = YES;
				CLANG_WARN_CONSTANT_CONVERSION = YES;
				CLANG_WARN_DIRECT_OBJC_ISA_USAGE = YES_ERROR;
				CLANG_WARN_EMPTY_BODY = YES;
				CLANG_WARN_ENUM_CONVERSION = YES;
				CLANG_WARN_INT_CONVERSION = YES;
				CLANG_WARN_OBJC_ROOT_CLASS = YES_ERROR;
				CLANG_WARN_UNREACHABLE_CODE = YES;
				CLANG_WARN__DUPLICATE_METHOD_MATCH = YES;
				"CODE_SIGN_IDENTITY[sdk=iphoneos*]" = "iPhone Developer";
				COPY_PHASE_STRIP = NO;
				DEBUG_INFORMATION_FORMAT = dwarf;
				ENABLE_STRICT_OBJC_MSGSEND = YES;
				ENABLE_TESTABILITY = YES;
				GCC_C_LANGUAGE_STANDARD = gnu99;
				GCC_DYNAMIC_NO_PIC = NO;
				GCC_NO_COMMON_BLOCKS = YES;
				GCC_OPTIMIZATION_LEVEL = 0;
				GCC_PREPROCESSOR_DEFINITIONS = (
					"DEBUG=1",
					"$(inherited)",
				);
				GCC_WARN_64_TO_32_BIT_CONVERSION = YES;
				GCC_WARN_ABOUT_RETURN_TYPE = YES_ERROR;
				GCC_WARN_UNDECLARED_SELECTOR = YES;
				GCC_WARN_UNINITIALIZED_AUTOS = YES_AGGRESSIVE;
				GCC_WARN_UNUSED_FUNCTION = YES;
				GCC_WARN_UNUSED_VARIABLE = YES;
				IPHONEOS_DEPLOYMENT_TARGET = 9.1;
				MTL_ENABLE_DEBUG_INFO = YES;
				ONLY_ACTIVE_ARCH = YES;
				SDKROOT = iphoneos;
			};
			name = Debug;
		};
		5A8E9CDC1C4F57C90046F567 /* Release */ = {
			isa = XCBuildConfiguration;
			buildSettings = {
				ALWAYS_SEARCH_USER_PATHS = NO;
				CLANG_CXX_LANGUAGE_STANDARD = "gnu++0x";
				CLANG_CXX_LIBRARY = "libc++";
				CLANG_ENABLE_MODULES = YES;
				CLANG_ENABLE_OBJC_ARC = YES;
				CLANG_WARN_BOOL_CONVERSION = YES;
				CLANG_WARN_CONSTANT_CONVERSION = YES;
				CLANG_WARN_DIRECT_OBJC_ISA_USAGE = YES_ERROR;
				CLANG_WARN_EMPTY_BODY = YES;
				CLANG_WARN_ENUM_CONVERSION = YES;
				CLANG_WARN_INT_CONVERSION = YES;
				CLANG_WARN_OBJC_ROOT_CLASS = YES_ERROR;
				CLANG_WARN_UNREACHABLE_CODE = YES;
				CLANG_WARN__DUPLICATE_METHOD_MATCH = YES;
				"CODE_SIGN_IDENTITY[sdk=iphoneos*]" = "iPhone Developer";
				COPY_PHASE_STRIP = NO;
				DEBUG_INFORMATION_FORMAT = "dwarf-with-dsym";
				ENABLE_NS_ASSERTIONS = NO;
				ENABLE_STRICT_OBJC_MSGSEND = YES;
				GCC_C_LANGUAGE_STANDARD = gnu99;
				GCC_NO_COMMON_BLOCKS = YES;
				GCC_WARN_64_TO_32_BIT_CONVERSION = YES;
				GCC_WARN_ABOUT_RETURN_TYPE = YES_ERROR;
				GCC_WARN_UNDECLARED_SELECTOR = YES;
				GCC_WARN_UNINITIALIZED_AUTOS = YES_AGGRESSIVE;
				GCC_WARN_UNUSED_FUNCTION = YES;
				GCC_WARN_UNUSED_VARIABLE = YES;
				IPHONEOS_DEPLOYMENT_TARGET = 9.1;
				MTL_ENABLE_DEBUG_INFO = NO;
				SDKROOT = iphoneos;
				VALIDATE_PRODUCT = YES;
			};
			name = Release;
		};
		5A8E9CDE1C4F57C90046F567 /* Debug */ = {
			isa = XCBuildConfiguration;
			buildSettings = {
				ASSETCATALOG_COMPILER_APPICON_NAME = AppIcon;
				INFOPLIST_FILE = lunbo/Info.plist;
				IPHONEOS_DEPLOYMENT_TARGET = 8.0;
				LD_RUNPATH_SEARCH_PATHS = "$(inherited) @executable_path/Frameworks";
				PRODUCT_BUNDLE_IDENTIFIER = com.lvrong.lunbo;
				PRODUCT_NAME = "$(TARGET_NAME)";
			};
			name = Debug;
		};
		5A8E9CDF1C4F57C90046F567 /* Release */ = {
			isa = XCBuildConfiguration;
			buildSettings = {
				ASSETCATALOG_COMPILER_APPICON_NAME = AppIcon;
				INFOPLIST_FILE = lunbo/Info.plist;
				IPHONEOS_DEPLOYMENT_TARGET = 8.0;
				LD_RUNPATH_SEARCH_PATHS = "$(inherited) @executable_path/Frameworks";
				PRODUCT_BUNDLE_IDENTIFIER = com.lvrong.lunbo;
				PRODUCT_NAME = "$(TARGET_NAME)";
			};
			name = Release;
		};
		5A8E9CE11C4F57C90046F567 /* Debug */ = {
			isa = XCBuildConfiguration;
			buildSettings = {
				BUNDLE_LOADER = "$(TEST_HOST)";
				INFOPLIST_FILE = lunboTests/Info.plist;
				LD_RUNPATH_SEARCH_PATHS = "$(inherited) @executable_path/Frameworks @loader_path/Frameworks";
				PRODUCT_BUNDLE_IDENTIFIER = com.lvrong.lunboTests;
				PRODUCT_NAME = "$(TARGET_NAME)";
				TEST_HOST = "$(BUILT_PRODUCTS_DIR)/lunbo.app/lunbo";
			};
			name = Debug;
		};
		5A8E9CE21C4F57C90046F567 /* Release */ = {
			isa = XCBuildConfiguration;
			buildSettings = {
				BUNDLE_LOADER = "$(TEST_HOST)";
				INFOPLIST_FILE = lunboTests/Info.plist;
				LD_RUNPATH_SEARCH_PATHS = "$(inherited) @executable_path/Frameworks @loader_path/Frameworks";
				PRODUCT_BUNDLE_IDENTIFIER = com.lvrong.lunboTests;
				PRODUCT_NAME = "$(TARGET_NAME)";
				TEST_HOST = "$(BUILT_PRODUCTS_DIR)/lunbo.app/lunbo";
			};
			name = Release;
		};
		5A8E9CE41C4F57C90046F567 /* Debug */ = {
			isa = XCBuildConfiguration;
			buildSettings = {
				INFOPLIST_FILE = lunboUITests/Info.plist;
				LD_RUNPATH_SEARCH_PATHS = "$(inherited) @executable_path/Frameworks @loader_path/Frameworks";
				PRODUCT_BUNDLE_IDENTIFIER = com.lvrong.lunboUITests;
				PRODUCT_NAME = "$(TARGET_NAME)";
				TEST_TARGET_NAME = lunbo;
				USES_XCTRUNNER = YES;
			};
			name = Debug;
		};
		5A8E9CE51C4F57C90046F567 /* Release */ = {
			isa = XCBuildConfiguration;
			buildSettings = {
				INFOPLIST_FILE = lunboUITests/Info.plist;
				LD_RUNPATH_SEARCH_PATHS = "$(inherited) @executable_path/Frameworks @loader_path/Frameworks";
				PRODUCT_BUNDLE_IDENTIFIER = com.lvrong.lunboUITests;
				PRODUCT_NAME = "$(TARGET_NAME)";
				TEST_TARGET_NAME = lunbo;
				USES_XCTRUNNER = YES;
			};
			name = Release;
		};
/* End XCBuildConfiguration section */

/* Begin XCConfigurationList section */
		5A8E9CAB1C4F57C90046F567 /* Build configuration list for PBXProject "lunbo" */ = {
			isa = XCConfigurationList;
			buildConfigurations = (
				5A8E9CDB1C4F57C90046F567 /* Debug */,
				5A8E9CDC1C4F57C90046F567 /* Release */,
			);
			defaultConfigurationIsVisible = 0;
			defaultConfigurationName = Release;
		};
		5A8E9CDD1C4F57C90046F567 /* Build configuration list for PBXNativeTarget "lunbo" */ = {
			isa = XCConfigurationList;
			buildConfigurations = (
				5A8E9CDE1C4F57C90046F567 /* Debug */,
				5A8E9CDF1C4F57C90046F567 /* Release */,
			);
			defaultConfigurationIsVisible = 0;
		};
		5A8E9CE01C4F57C90046F567 /* Build configuration list for PBXNativeTarget "lunboTests" */ = {
			isa = XCConfigurationList;
			buildConfigurations = (
				5A8E9CE11C4F57C90046F567 /* Debug */,
				5A8E9CE21C4F57C90046F567 /* Release */,
			);
			defaultConfigurationIsVisible = 0;
		};
		5A8E9CE31C4F57C90046F567 /* Build configuration list for PBXNativeTarget "lunboUITests" */ = {
			isa = XCConfigurationList;
			buildConfigurations = (
				5A8E9CE41C4F57C90046F567 /* Debug */,
				5A8E9CE51C4F57C90046F567 /* Release */,
			);
			defaultConfigurationIsVisible = 0;
		};
/* End XCConfigurationList section */
	};
	rootObject = 5A8E9CA81C4F57C90046F567 /* Project object */;
}
