// !$*UTF8*$!
{
	archiveVersion = 1;
	classes = {
	};
	objectVersion = 46;
	objects = {

/* Begin PBXBuildFile section */
		71BE33C81D76D632000D04E2 /* main.m in Sources */ = {isa = PBXBuildFile; fileRef = 71BE33C71D76D632000D04E2 /* main.m */; };
		71BE33CB1D76D632000D04E2 /* AppDelegate.m in Sources */ = {isa = PBXBuildFile; fileRef = 71BE33CA1D76D632000D04E2 /* AppDelegate.m */; };
		71BE33CE1D76D633000D04E2 /* ViewController.m in Sources */ = {isa = PBXBuildFile; fileRef = 71BE33CD1D76D633000D04E2 /* ViewController.m */; };
		71BE33D11D76D633000D04E2 /* Main.storyboard in Resources */ = {isa = PBXBuildFile; fileRef = 71BE33CF1D76D633000D04E2 /* Main.storyboard */; };
		71BE33D41D76D634000D04E2 /* OCTransferJS.xcdatamodeld in Sources */ = {isa = PBXBuildFile; fileRef = 71BE33D21D76D634000D04E2 /* OCTransferJS.xcdatamodeld */; };
		71BE33D61D76D634000D04E2 /* Assets.xcassets in Resources */ = {isa = PBXBuildFile; fileRef = 71BE33D51D76D634000D04E2 /* Assets.xcassets */; };
		71BE33D91D76D634000D04E2 /* LaunchScreen.storyboard in Resources */ = {isa = PBXBuildFile; fileRef = 71BE33D71D76D634000D04E2 /* LaunchScreen.storyboard */; };
		71BE33E31D76D75C000D04E2 /* JStoOCfirstIndex.html in Resources */ = {isa = PBXBuildFile; fileRef = 71BE33E21D76D75C000D04E2 /* JStoOCfirstIndex.html */; };
/* End PBXBuildFile section */

/* Begin PBXFileReference section */
		71BE33C31D76D631000D04E2 /* OCTransferJS.app */ = {isa = PBXFileReference; explicitFileType = wrapper.application; includeInIndex = 0; path = OCTransferJS.app; sourceTree = BUILT_PRODUCTS_DIR; };
		71BE33C71D76D632000D04E2 /* main.m */ = {isa = PBXFileReference; lastKnownFileType = sourcecode.c.objc; path = main.m; sourceTree = "<group>"; };
		71BE33C91D76D632000D04E2 /* AppDelegate.h */ = {isa = PBXFileReference; lastKnownFileType = sourcecode.c.h; path = AppDelegate.h; sourceTree = "<group>"; };
		71BE33CA1D76D632000D04E2 /* AppDelegate.m */ = {isa = PBXFileReference; lastKnownFileType = sourcecode.c.objc; path = AppDelegate.m; sourceTree = "<group>"; };
		71BE33CC1D76D632000D04E2 /* ViewController.h */ = {isa = PBXFileReference; lastKnownFileType = sourcecode.c.h; path = ViewController.h; sourceTree = "<group>"; };
		71BE33CD1D76D633000D04E2 /* ViewController.m */ = {isa = PBXFileReference; lastKnownFileType = sourcecode.c.objc; path = ViewController.m; sourceTree = "<group>"; };
		71BE33D01D76D633000D04E2 /* Base */ = {isa = PBXFileReference; lastKnownFileType = file.storyboard; name = Base; path = Base.lproj/Main.storyboard; sourceTree = "<group>"; };
		71BE33D31D76D634000D04E2 /* OCTransferJS.xcdatamodel */ = {isa = PBXFileReference; lastKnownFileType = wrapper.xcdatamodel; path = OCTransferJS.xcdatamodel; sourceTree = "<group>"; };
		71BE33D51D76D634000D04E2 /* Assets.xcassets */ = {isa = PBXFileReference; lastKnownFileType = folder.assetcatalog; path = Assets.xcassets; sourceTree = "<group>"; };
		71BE33D81D76D634000D04E2 /* Base */ = {isa = PBXFileReference; lastKnownFileType = file.storyboard; name = Base; path = Base.lproj/LaunchScreen.storyboard; sourceTree = "<group>"; };
		71BE33DA1D76D634000D04E2 /* Info.plist */ = {isa = PBXFileReference; lastKnownFileType = text.plist.xml; path = Info.plist; sourceTree = "<group>"; };
		71BE33E21D76D75C000D04E2 /* JStoOCfirstIndex.html */ = {isa = PBXFileReference; fileEncoding = 4; lastKnownFileType = text.html; path = JStoOCfirstIndex.html; sourceTree = "<group>"; };
/* End PBXFileReference section */

/* Begin PBXFrameworksBuildPhase section */
		71BE33C01D76D631000D04E2 /* Frameworks */ = {
			isa = PBXFrameworksBuildPhase;
			buildActionMask = 2147483647;
			files = (
			);
			runOnlyForDeploymentPostprocessing = 0;
		};
/* End PBXFrameworksBuildPhase section */

/* Begin PBXGroup section */
		71BE33BA1D76D630000D04E2 = {
			isa = PBXGroup;
			children = (
				71BE33C51D76D632000D04E2 /* OCTransferJS */,
				71BE33C41D76D631000D04E2 /* Products */,
			);
			sourceTree = "<group>";
		};
		71BE33C41D76D631000D04E2 /* Products */ = {
			isa = PBXGroup;
			children = (
				71BE33C31D76D631000D04E2 /* OCTransferJS.app */,
			);
			name = Products;
			sourceTree = "<group>";
		};
		71BE33C51D76D632000D04E2 /* OCTransferJS */ = {
			isa = PBXGroup;
			children = (
				71BE33C91D76D632000D04E2 /* AppDelegate.h */,
				71BE33CA1D76D632000D04E2 /* AppDelegate.m */,
				71BE33CC1D76D632000D04E2 /* ViewController.h */,
				71BE33CD1D76D633000D04E2 /* ViewController.m */,
				71BE33E21D76D75C000D04E2 /* JStoOCfirstIndex.html */,
				71BE33CF1D76D633000D04E2 /* Main.storyboard */,
				71BE33D51D76D634000D04E2 /* Assets.xcassets */,
				71BE33D71D76D634000D04E2 /* LaunchScreen.storyboard */,
				71BE33DA1D76D634000D04E2 /* Info.plist */,
				71BE33D21D76D634000D04E2 /* OCTransferJS.xcdatamodeld */,
				71BE33C61D76D632000D04E2 /* Supporting Files */,
			);
			path = OCTransferJS;
			sourceTree = "<group>";
		};
		71BE33C61D76D632000D04E2 /* Supporting Files */ = {
			isa = PBXGroup;
			children = (
				71BE33C71D76D632000D04E2 /* main.m */,
			);
			name = "Supporting Files";
			sourceTree = "<group>";
		};
/* End PBXGroup section */

/* Begin PBXNativeTarget section */
		71BE33C21D76D631000D04E2 /* OCTransferJS */ = {
			isa = PBXNativeTarget;
			buildConfigurationList = 71BE33DD1D76D634000D04E2 /* Build configuration list for PBXNativeTarget "OCTransferJS" */;
			buildPhases = (
				71BE33BF1D76D631000D04E2 /* Sources */,
				71BE33C01D76D631000D04E2 /* Frameworks */,
				71BE33C11D76D631000D04E2 /* Resources */,
			);
			buildRules = (
			);
			dependencies = (
			);
			name = OCTransferJS;
			productName = OCTransferJS;
			productReference = 71BE33C31D76D631000D04E2 /* OCTransferJS.app */;
			productType = "com.apple.product-type.application";
		};
/* End PBXNativeTarget section */

/* Begin PBXProject section */
		71BE33BB1D76D630000D04E2 /* Project object */ = {
			isa = PBXProject;
			attributes = {
				LastUpgradeCheck = 0730;
				ORGANIZATIONNAME = suorui;
				TargetAttributes = {
					71BE33C21D76D631000D04E2 = {
						CreatedOnToolsVersion = 7.3.1;
					};
				};
			};
			buildConfigurationList = 71BE33BE1D76D630000D04E2 /* Build configuration list for PBXProject "OCTransferJS" */;
			compatibilityVersion = "Xcode 3.2";
			developmentRegion = English;
			hasScannedForEncodings = 0;
			knownRegions = (
				en,
				Base,
			);
			mainGroup = 71BE33BA1D76D630000D04E2;
			productRefGroup = 71BE33C41D76D631000D04E2 /* Products */;
			projectDirPath = "";
			projectRoot = "";
			targets = (
				71BE33C21D76D631000D04E2 /* OCTransferJS */,
			);
		};
/* End PBXProject section */

/* Begin PBXResourcesBuildPhase section */
		71BE33C11D76D631000D04E2 /* Resources */ = {
			isa = PBXResourcesBuildPhase;
			buildActionMask = 2147483647;
			files = (
				71BE33D91D76D634000D04E2 /* LaunchScreen.storyboard in Resources */,
				71BE33D61D76D634000D04E2 /* Assets.xcassets in Resources */,
				71BE33E31D76D75C000D04E2 /* JStoOCfirstIndex.html in Resources */,
				71BE33D11D76D633000D04E2 /* Main.storyboard in Resources */,
			);
			runOnlyForDeploymentPostprocessing = 0;
		};
/* End PBXResourcesBuildPhase section */

/* Begin PBXSourcesBuildPhase section */
		71BE33BF1D76D631000D04E2 /* Sources */ = {
			isa = PBXSourcesBuildPhase;
			buildActionMask = 2147483647;
			files = (
				71BE33CE1D76D633000D04E2 /* ViewController.m in Sources */,
				71BE33D41D76D634000D04E2 /* OCTransferJS.xcdatamodeld in Sources */,
				71BE33CB1D76D632000D04E2 /* AppDelegate.m in Sources */,
				71BE33C81D76D632000D04E2 /* main.m in Sources */,
			);
			runOnlyForDeploymentPostprocessing = 0;
		};
/* End PBXSourcesBuildPhase section */

/* Begin PBXVariantGroup section */
		71BE33CF1D76D633000D04E2 /* Main.storyboard */ = {
			isa = PBXVariantGroup;
			children = (
				71BE33D01D76D633000D04E2 /* Base */,
			);
			name = Main.storyboard;
			sourceTree = "<group>";
		};
		71BE33D71D76D634000D04E2 /* LaunchScreen.storyboard */ = {
			isa = PBXVariantGroup;
			children = (
				71BE33D81D76D634000D04E2 /* Base */,
			);
			name = LaunchScreen.storyboard;
			sourceTree = "<group>";
		};
/* End PBXVariantGroup section */

/* Begin XCBuildConfiguration section */
		71BE33DB1D76D634000D04E2 /* Debug */ = {
			isa = XCBuildConfiguration;
			buildSettings = {
				ALWAYS_SEARCH_USER_PATHS = NO;
				CLANG_ANALYZER_NONNULL = YES;
				CLANG_CXX_LANGUAGE_STANDARD = "gnu++0x";
				CLANG_CXX_LIBRARY = "libc++";
				CLANG_ENABLE_MODULES = YES;
				CLANG_ENABLE_OBJC_ARC = YES;
				CLANG_WARN_BOOL_CONVERSION = YES;
				CLANG_WARN_CONSTANT_CONVERSION = YES;
				CLANG_WARN_DIRECT_OBJC_ISA_USAGE = YES_ERROR;
				CLANG_WARN_EMPTY_BODY = YES;
				CLANG_WARN_ENUM_CONVERSION = YES;
				CLANG_WARN_INT_CONVERSION = YES;
				CLANG_WARN_OBJC_ROOT_CLASS = YES_ERROR;
				CLANG_WARN_UNREACHABLE_CODE = YES;
				CLANG_WARN__DUPLICATE_METHOD_MATCH = YES;
				"CODE_SIGN_IDENTITY[sdk=iphoneos*]" = "iPhone Developer";
				COPY_PHASE_STRIP = NO;
				DEBUG_INFORMATION_FORMAT = dwarf;
				ENABLE_STRICT_OBJC_MSGSEND = YES;
				ENABLE_TESTABILITY = YES;
				GCC_C_LANGUAGE_STANDARD = gnu99;
				GCC_DYNAMIC_NO_PIC = NO;
				GCC_NO_COMMON_BLOCKS = YES;
				GCC_OPTIMIZATION_LEVEL = 0;
				GCC_PREPROCESSOR_DEFINITIONS = (
					"DEBUG=1",
					"$(inherited)",
				);
				GCC_WARN_64_TO_32_BIT_CONVERSION = YES;
				GCC_WARN_ABOUT_RETURN_TYPE = YES_ERROR;
				GCC_WARN_UNDECLARED_SELECTOR = YES;
				GCC_WARN_UNINITIALIZED_AUTOS = YES_AGGRESSIVE;
				GCC_WARN_UNUSED_FUNCTION = YES;
				GCC_WARN_UNUSED_VARIABLE = YES;
				IPHONEOS_DEPLOYMENT_TARGET = 9.3;
				MTL_ENABLE_DEBUG_INFO = YES;
				ONLY_ACTIVE_ARCH = YES;
				SDKROOT = iphoneos;
			};
			name = Debug;
		};
		71BE33DC1D76D634000D04E2 /* Release */ = {
			isa = XCBuildConfiguration;
			buildSettings = {
				ALWAYS_SEARCH_USER_PATHS = NO;
				CLANG_ANALYZER_NONNULL = YES;
				CLANG_CXX_LANGUAGE_STANDARD = "gnu++0x";
				CLANG_CXX_LIBRARY = "libc++";
				CLANG_ENABLE_MODULES = YES;
				CLANG_ENABLE_OBJC_ARC = YES;
				CLANG_WARN_BOOL_CONVERSION = YES;
				CLANG_WARN_CONSTANT_CONVERSION = YES;
				CLANG_WARN_DIRECT_OBJC_ISA_USAGE = YES_ERROR;
				CLANG_WARN_EMPTY_BODY = YES;
				CLANG_WARN_ENUM_CONVERSION = YES;
				CLANG_WARN_INT_CONVERSION = YES;
				CLANG_WARN_OBJC_ROOT_CLASS = YES_ERROR;
				CLANG_WARN_UNREACHABLE_CODE = YES;
				CLANG_WARN__DUPLICATE_METHOD_MATCH = YES;
				"CODE_SIGN_IDENTITY[sdk=iphoneos*]" = "iPhone Developer";
				COPY_PHASE_STRIP = NO;
				DEBUG_INFORMATION_FORMAT = "dwarf-with-dsym";
				ENABLE_NS_ASSERTIONS = NO;
				ENABLE_STRICT_OBJC_MSGSEND = YES;
				GCC_C_LANGUAGE_STANDARD = gnu99;
				GCC_NO_COMMON_BLOCKS = YES;
				GCC_WARN_64_TO_32_BIT_CONVERSION = YES;
				GCC_WARN_ABOUT_RETURN_TYPE = YES_ERROR;
				GCC_WARN_UNDECLARED_SELECTOR = YES;
				GCC_WARN_UNINITIALIZED_AUTOS = YES_AGGRESSIVE;
				GCC_WARN_UNUSED_FUNCTION = YES;
				GCC_WARN_UNUSED_VARIABLE = YES;
				IPHONEOS_DEPLOYMENT_TARGET = 9.3;
				MTL_ENABLE_DEBUG_INFO = NO;
				SDKROOT = iphoneos;
				VALIDATE_PRODUCT = YES;
			};
			name = Release;
		};
		71BE33DE1D76D634000D04E2 /* Debug */ = {
			isa = XCBuildConfiguration;
			buildSettings = {
				ASSETCATALOG_COMPILER_APPICON_NAME = AppIcon;
				INFOPLIST_FILE = OCTransferJS/Info.plist;
				IPHONEOS_DEPLOYMENT_TARGET = 7.0;
				LD_RUNPATH_SEARCH_PATHS = "$(inherited) @executable_path/Frameworks";
				PRODUCT_BUNDLE_IDENTIFIER = com.searchingsoft.OCTransferJS;
				PRODUCT_NAME = "$(TARGET_NAME)";
			};
			name = Debug;
		};
		71BE33DF1D76D634000D04E2 /* Release */ = {
			isa = XCBuildConfiguration;
			buildSettings = {
				ASSETCATALOG_COMPILER_APPICON_NAME = AppIcon;
				INFOPLIST_FILE = OCTransferJS/Info.plist;
				IPHONEOS_DEPLOYMENT_TARGET = 7.0;
				LD_RUNPATH_SEARCH_PATHS = "$(inherited) @executable_path/Frameworks";
				PRODUCT_BUNDLE_IDENTIFIER = com.searchingsoft.OCTransferJS;
				PRODUCT_NAME = "$(TARGET_NAME)";
			};
			name = Release;
		};
/* End XCBuildConfiguration section */

/* Begin XCConfigurationList section */
		71BE33BE1D76D630000D04E2 /* Build configuration list for PBXProject "OCTransferJS" */ = {
			isa = XCConfigurationList;
			buildConfigurations = (
				71BE33DB1D76D634000D04E2 /* Debug */,
				71BE33DC1D76D634000D04E2 /* Release */,
			);
			defaultConfigurationIsVisible = 0;
			defaultConfigurationName = Release;
		};
		71BE33DD1D76D634000D04E2 /* Build configuration list for PBXNativeTarget "OCTransferJS" */ = {
			isa = XCConfigurationList;
			buildConfigurations = (
				71BE33DE1D76D634000D04E2 /* Debug */,
				71BE33DF1D76D634000D04E2 /* Release */,
			);
			defaultConfigurationIsVisible = 0;
		};
/* End XCConfigurationList section */

/* Begin XCVersionGroup section */
		71BE33D21D76D634000D04E2 /* OCTransferJS.xcdatamodeld */ = {
			isa = XCVersionGroup;
			children = (
				71BE33D31D76D634000D04E2 /* OCTransferJS.xcdatamodel */,
			);
			currentVersion = 71BE33D31D76D634000D04E2 /* OCTransferJS.xcdatamodel */;
			path = OCTransferJS.xcdatamodeld;
			sourceTree = "<group>";
			versionGroupType = wrapper.xcdatamodel;
		};
/* End XCVersionGroup section */
	};
	rootObject = 71BE33BB1D76D630000D04E2 /* Project object */;
}
