// !$*UTF8*$!
{
	archiveVersion = 1;
	classes = {
	};
	objectVersion = 46;
	objects = {

/* Begin PBXBuildFile section */
		712609761E8B8603008CBF34 /* main.m in Sources */ = {isa = PBXBuildFile; fileRef = 712609751E8B8603008CBF34 /* main.m */; };
		712609791E8B8604008CBF34 /* AppDelegate.m in Sources */ = {isa = PBXBuildFile; fileRef = 712609781E8B8604008CBF34 /* AppDelegate.m */; };
		7126097C1E8B8604008CBF34 /* ViewController.m in Sources */ = {isa = PBXBuildFile; fileRef = 7126097B1E8B8604008CBF34 /* ViewController.m */; };
		7126097F1E8B8604008CBF34 /* Main.storyboard in Resources */ = {isa = PBXBuildFile; fileRef = 7126097D1E8B8604008CBF34 /* Main.storyboard */; };
		712609821E8B8604008CBF34 /* JGPush.xcdatamodeld in Sources */ = {isa = PBXBuildFile; fileRef = 712609801E8B8604008CBF34 /* JGPush.xcdatamodeld */; };
		712609841E8B8604008CBF34 /* Assets.xcassets in Resources */ = {isa = PBXBuildFile; fileRef = 712609831E8B8604008CBF34 /* Assets.xcassets */; };
		712609871E8B8604008CBF34 /* LaunchScreen.storyboard in Resources */ = {isa = PBXBuildFile; fileRef = 712609851E8B8604008CBF34 /* LaunchScreen.storyboard */; };
		712609921E8B8B51008CBF34 /* jcore-ios-1.1.1.a in Frameworks */ = {isa = PBXBuildFile; fileRef = 7126098F1E8B8B51008CBF34 /* jcore-ios-1.1.1.a */; };
		712609931E8B8B51008CBF34 /* jpush-ios-3.0.2.a in Frameworks */ = {isa = PBXBuildFile; fileRef = 712609901E8B8B51008CBF34 /* jpush-ios-3.0.2.a */; };
		712609961E8B8B77008CBF34 /* CFNetwork.framework in Frameworks */ = {isa = PBXBuildFile; fileRef = 712609951E8B8B77008CBF34 /* CFNetwork.framework */; };
		712609981E8B8B80008CBF34 /* CoreFoundation.framework in Frameworks */ = {isa = PBXBuildFile; fileRef = 712609971E8B8B80008CBF34 /* CoreFoundation.framework */; };
		7126099A1E8B8B88008CBF34 /* CoreTelephony.framework in Frameworks */ = {isa = PBXBuildFile; fileRef = 712609991E8B8B88008CBF34 /* CoreTelephony.framework */; };
		7126099C1E8B8B9B008CBF34 /* SystemConfiguration.framework in Frameworks */ = {isa = PBXBuildFile; fileRef = 7126099B1E8B8B9B008CBF34 /* SystemConfiguration.framework */; };
		7126099E1E8B8BA1008CBF34 /* CoreGraphics.framework in Frameworks */ = {isa = PBXBuildFile; fileRef = 7126099D1E8B8BA1008CBF34 /* CoreGraphics.framework */; };
		712609A01E8B8BA9008CBF34 /* Foundation.framework in Frameworks */ = {isa = PBXBuildFile; fileRef = 7126099F1E8B8BA9008CBF34 /* Foundation.framework */; };
		712609A21E8B8BAF008CBF34 /* UIKit.framework in Frameworks */ = {isa = PBXBuildFile; fileRef = 712609A11E8B8BAF008CBF34 /* UIKit.framework */; };
		712609A41E8B8BB7008CBF34 /* Security.framework in Frameworks */ = {isa = PBXBuildFile; fileRef = 712609A31E8B8BB7008CBF34 /* Security.framework */; };
		712609A61E8B8BBF008CBF34 /* libz.tbd in Frameworks */ = {isa = PBXBuildFile; fileRef = 712609A51E8B8BBF008CBF34 /* libz.tbd */; };
		712609A81E8B8BC6008CBF34 /* AdSupport.framework in Frameworks */ = {isa = PBXBuildFile; fileRef = 712609A71E8B8BC6008CBF34 /* AdSupport.framework */; };
		712609AA1E8B8BCE008CBF34 /* UserNotifications.framework in Frameworks */ = {isa = PBXBuildFile; fileRef = 712609A91E8B8BCE008CBF34 /* UserNotifications.framework */; };
		712609AC1E8B8BD5008CBF34 /* libresolv.tbd in Frameworks */ = {isa = PBXBuildFile; fileRef = 712609AB1E8B8BD5008CBF34 /* libresolv.tbd */; };
/* End PBXBuildFile section */

/* Begin PBXFileReference section */
		50CA10ABE33BB5A118CE6627 /* Pods-JGPush.release.xcconfig */ = {isa = PBXFileReference; includeInIndex = 1; lastKnownFileType = text.xcconfig; name = "Pods-JGPush.release.xcconfig"; path = "Pods/Target Support Files/Pods-JGPush/Pods-JGPush.release.xcconfig"; sourceTree = "<group>"; };
		712609711E8B8603008CBF34 /* JGPush.app */ = {isa = PBXFileReference; explicitFileType = wrapper.application; includeInIndex = 0; path = JGPush.app; sourceTree = BUILT_PRODUCTS_DIR; };
		712609751E8B8603008CBF34 /* main.m */ = {isa = PBXFileReference; lastKnownFileType = sourcecode.c.objc; path = main.m; sourceTree = "<group>"; };
		712609771E8B8604008CBF34 /* AppDelegate.h */ = {isa = PBXFileReference; lastKnownFileType = sourcecode.c.h; path = AppDelegate.h; sourceTree = "<group>"; };
		712609781E8B8604008CBF34 /* AppDelegate.m */ = {isa = PBXFileReference; lastKnownFileType = sourcecode.c.objc; path = AppDelegate.m; sourceTree = "<group>"; };
		7126097A1E8B8604008CBF34 /* ViewController.h */ = {isa = PBXFileReference; lastKnownFileType = sourcecode.c.h; path = ViewController.h; sourceTree = "<group>"; };
		7126097B1E8B8604008CBF34 /* ViewController.m */ = {isa = PBXFileReference; lastKnownFileType = sourcecode.c.objc; path = ViewController.m; sourceTree = "<group>"; };
		7126097E1E8B8604008CBF34 /* Base */ = {isa = PBXFileReference; lastKnownFileType = file.storyboard; name = Base; path = Base.lproj/Main.storyboard; sourceTree = "<group>"; };
		712609811E8B8604008CBF34 /* JGPush.xcdatamodel */ = {isa = PBXFileReference; lastKnownFileType = wrapper.xcdatamodel; path = JGPush.xcdatamodel; sourceTree = "<group>"; };
		712609831E8B8604008CBF34 /* Assets.xcassets */ = {isa = PBXFileReference; lastKnownFileType = folder.assetcatalog; path = Assets.xcassets; sourceTree = "<group>"; };
		712609861E8B8604008CBF34 /* Base */ = {isa = PBXFileReference; lastKnownFileType = file.storyboard; name = Base; path = Base.lproj/LaunchScreen.storyboard; sourceTree = "<group>"; };
		712609881E8B8604008CBF34 /* Info.plist */ = {isa = PBXFileReference; lastKnownFileType = text.plist.xml; path = Info.plist; sourceTree = "<group>"; };
		7126098F1E8B8B51008CBF34 /* jcore-ios-1.1.1.a */ = {isa = PBXFileReference; lastKnownFileType = archive.ar; path = "jcore-ios-1.1.1.a"; sourceTree = "<group>"; };
		712609901E8B8B51008CBF34 /* jpush-ios-3.0.2.a */ = {isa = PBXFileReference; lastKnownFileType = archive.ar; path = "jpush-ios-3.0.2.a"; sourceTree = "<group>"; };
		712609911E8B8B51008CBF34 /* JPUSHService.h */ = {isa = PBXFileReference; fileEncoding = 4; lastKnownFileType = sourcecode.c.h; path = JPUSHService.h; sourceTree = "<group>"; };
		712609951E8B8B77008CBF34 /* CFNetwork.framework */ = {isa = PBXFileReference; lastKnownFileType = wrapper.framework; name = CFNetwork.framework; path = System/Library/Frameworks/CFNetwork.framework; sourceTree = SDKROOT; };
		712609971E8B8B80008CBF34 /* CoreFoundation.framework */ = {isa = PBXFileReference; lastKnownFileType = wrapper.framework; name = CoreFoundation.framework; path = System/Library/Frameworks/CoreFoundation.framework; sourceTree = SDKROOT; };
		712609991E8B8B88008CBF34 /* CoreTelephony.framework */ = {isa = PBXFileReference; lastKnownFileType = wrapper.framework; name = CoreTelephony.framework; path = System/Library/Frameworks/CoreTelephony.framework; sourceTree = SDKROOT; };
		7126099B1E8B8B9B008CBF34 /* SystemConfiguration.framework */ = {isa = PBXFileReference; lastKnownFileType = wrapper.framework; name = SystemConfiguration.framework; path = System/Library/Frameworks/SystemConfiguration.framework; sourceTree = SDKROOT; };
		7126099D1E8B8BA1008CBF34 /* CoreGraphics.framework */ = {isa = PBXFileReference; lastKnownFileType = wrapper.framework; name = CoreGraphics.framework; path = System/Library/Frameworks/CoreGraphics.framework; sourceTree = SDKROOT; };
		7126099F1E8B8BA9008CBF34 /* Foundation.framework */ = {isa = PBXFileReference; lastKnownFileType = wrapper.framework; name = Foundation.framework; path = System/Library/Frameworks/Foundation.framework; sourceTree = SDKROOT; };
		712609A11E8B8BAF008CBF34 /* UIKit.framework */ = {isa = PBXFileReference; lastKnownFileType = wrapper.framework; name = UIKit.framework; path = System/Library/Frameworks/UIKit.framework; sourceTree = SDKROOT; };
		712609A31E8B8BB7008CBF34 /* Security.framework */ = {isa = PBXFileReference; lastKnownFileType = wrapper.framework; name = Security.framework; path = System/Library/Frameworks/Security.framework; sourceTree = SDKROOT; };
		712609A51E8B8BBF008CBF34 /* libz.tbd */ = {isa = PBXFileReference; lastKnownFileType = "sourcecode.text-based-dylib-definition"; name = libz.tbd; path = usr/lib/libz.tbd; sourceTree = SDKROOT; };
		712609A71E8B8BC6008CBF34 /* AdSupport.framework */ = {isa = PBXFileReference; lastKnownFileType = wrapper.framework; name = AdSupport.framework; path = System/Library/Frameworks/AdSupport.framework; sourceTree = SDKROOT; };
		712609A91E8B8BCE008CBF34 /* UserNotifications.framework */ = {isa = PBXFileReference; lastKnownFileType = wrapper.framework; name = UserNotifications.framework; path = System/Library/Frameworks/UserNotifications.framework; sourceTree = SDKROOT; };
		712609AB1E8B8BD5008CBF34 /* libresolv.tbd */ = {isa = PBXFileReference; lastKnownFileType = "sourcecode.text-based-dylib-definition"; name = libresolv.tbd; path = usr/lib/libresolv.tbd; sourceTree = SDKROOT; };
		712609AD1E8B8C5B008CBF34 /* JGPush.entitlements */ = {isa = PBXFileReference; lastKnownFileType = text.plist.entitlements; path = JGPush.entitlements; sourceTree = "<group>"; };
		82ADA78813EFD8F6322E0E75 /* Pods-JGPush.debug.xcconfig */ = {isa = PBXFileReference; includeInIndex = 1; lastKnownFileType = text.xcconfig; name = "Pods-JGPush.debug.xcconfig"; path = "Pods/Target Support Files/Pods-JGPush/Pods-JGPush.debug.xcconfig"; sourceTree = "<group>"; };
/* End PBXFileReference section */

/* Begin PBXFrameworksBuildPhase section */
		7126096E1E8B8603008CBF34 /* Frameworks */ = {
			isa = PBXFrameworksBuildPhase;
			buildActionMask = 2147483647;
			files = (
				712609AC1E8B8BD5008CBF34 /* libresolv.tbd in Frameworks */,
				712609AA1E8B8BCE008CBF34 /* UserNotifications.framework in Frameworks */,
				712609A81E8B8BC6008CBF34 /* AdSupport.framework in Frameworks */,
				712609A61E8B8BBF008CBF34 /* libz.tbd in Frameworks */,
				712609A41E8B8BB7008CBF34 /* Security.framework in Frameworks */,
				712609A21E8B8BAF008CBF34 /* UIKit.framework in Frameworks */,
				712609A01E8B8BA9008CBF34 /* Foundation.framework in Frameworks */,
				7126099E1E8B8BA1008CBF34 /* CoreGraphics.framework in Frameworks */,
				7126099C1E8B8B9B008CBF34 /* SystemConfiguration.framework in Frameworks */,
				7126099A1E8B8B88008CBF34 /* CoreTelephony.framework in Frameworks */,
				712609981E8B8B80008CBF34 /* CoreFoundation.framework in Frameworks */,
				712609961E8B8B77008CBF34 /* CFNetwork.framework in Frameworks */,
				712609931E8B8B51008CBF34 /* jpush-ios-3.0.2.a in Frameworks */,
				712609921E8B8B51008CBF34 /* jcore-ios-1.1.1.a in Frameworks */,
			);
			runOnlyForDeploymentPostprocessing = 0;
		};
/* End PBXFrameworksBuildPhase section */

/* Begin PBXGroup section */
		712609681E8B8603008CBF34 = {
			isa = PBXGroup;
			children = (
				712609731E8B8603008CBF34 /* JGPush */,
				712609721E8B8603008CBF34 /* Products */,
				712609941E8B8B76008CBF34 /* Frameworks */,
				7A073CF523BA1FE9B7063E35 /* Pods */,
			);
			sourceTree = "<group>";
		};
		712609721E8B8603008CBF34 /* Products */ = {
			isa = PBXGroup;
			children = (
				712609711E8B8603008CBF34 /* JGPush.app */,
			);
			name = Products;
			sourceTree = "<group>";
		};
		712609731E8B8603008CBF34 /* JGPush */ = {
			isa = PBXGroup;
			children = (
				712609AD1E8B8C5B008CBF34 /* JGPush.entitlements */,
				7126098E1E8B8B51008CBF34 /* Lib */,
				712609771E8B8604008CBF34 /* AppDelegate.h */,
				712609781E8B8604008CBF34 /* AppDelegate.m */,
				7126097A1E8B8604008CBF34 /* ViewController.h */,
				7126097B1E8B8604008CBF34 /* ViewController.m */,
				7126097D1E8B8604008CBF34 /* Main.storyboard */,
				712609831E8B8604008CBF34 /* Assets.xcassets */,
				712609851E8B8604008CBF34 /* LaunchScreen.storyboard */,
				712609881E8B8604008CBF34 /* Info.plist */,
				712609801E8B8604008CBF34 /* JGPush.xcdatamodeld */,
				712609741E8B8603008CBF34 /* Supporting Files */,
			);
			path = JGPush;
			sourceTree = "<group>";
		};
		712609741E8B8603008CBF34 /* Supporting Files */ = {
			isa = PBXGroup;
			children = (
				712609751E8B8603008CBF34 /* main.m */,
			);
			name = "Supporting Files";
			sourceTree = "<group>";
		};
		7126098E1E8B8B51008CBF34 /* Lib */ = {
			isa = PBXGroup;
			children = (
				7126098F1E8B8B51008CBF34 /* jcore-ios-1.1.1.a */,
				712609901E8B8B51008CBF34 /* jpush-ios-3.0.2.a */,
				712609911E8B8B51008CBF34 /* JPUSHService.h */,
			);
			path = Lib;
			sourceTree = "<group>";
		};
		712609941E8B8B76008CBF34 /* Frameworks */ = {
			isa = PBXGroup;
			children = (
				712609AB1E8B8BD5008CBF34 /* libresolv.tbd */,
				712609A91E8B8BCE008CBF34 /* UserNotifications.framework */,
				712609A71E8B8BC6008CBF34 /* AdSupport.framework */,
				712609A51E8B8BBF008CBF34 /* libz.tbd */,
				712609A31E8B8BB7008CBF34 /* Security.framework */,
				712609A11E8B8BAF008CBF34 /* UIKit.framework */,
				7126099F1E8B8BA9008CBF34 /* Foundation.framework */,
				7126099D1E8B8BA1008CBF34 /* CoreGraphics.framework */,
				7126099B1E8B8B9B008CBF34 /* SystemConfiguration.framework */,
				712609991E8B8B88008CBF34 /* CoreTelephony.framework */,
				712609971E8B8B80008CBF34 /* CoreFoundation.framework */,
				712609951E8B8B77008CBF34 /* CFNetwork.framework */,
			);
			name = Frameworks;
			sourceTree = "<group>";
		};
		7A073CF523BA1FE9B7063E35 /* Pods */ = {
			isa = PBXGroup;
			children = (
				82ADA78813EFD8F6322E0E75 /* Pods-JGPush.debug.xcconfig */,
				50CA10ABE33BB5A118CE6627 /* Pods-JGPush.release.xcconfig */,
			);
			name = Pods;
			sourceTree = "<group>";
		};
/* End PBXGroup section */

/* Begin PBXNativeTarget section */
		712609701E8B8603008CBF34 /* JGPush */ = {
			isa = PBXNativeTarget;
			buildConfigurationList = 7126098B1E8B8604008CBF34 /* Build configuration list for PBXNativeTarget "JGPush" */;
			buildPhases = (
				7126096D1E8B8603008CBF34 /* Sources */,
				7126096E1E8B8603008CBF34 /* Frameworks */,
				7126096F1E8B8603008CBF34 /* Resources */,
			);
			buildRules = (
			);
			dependencies = (
			);
			name = JGPush;
			productName = JGPush;
			productReference = 712609711E8B8603008CBF34 /* JGPush.app */;
			productType = "com.apple.product-type.application";
		};
/* End PBXNativeTarget section */

/* Begin PBXProject section */
		712609691E8B8603008CBF34 /* Project object */ = {
			isa = PBXProject;
			attributes = {
				LastUpgradeCheck = 0820;
				ORGANIZATIONNAME = suorui;
				TargetAttributes = {
					712609701E8B8603008CBF34 = {
						CreatedOnToolsVersion = 8.2;
						DevelopmentTeam = 5WK3UD233A;
						ProvisioningStyle = Manual;
						SystemCapabilities = {
							com.apple.BackgroundModes = {
								enabled = 1;
							};
							com.apple.Push = {
								enabled = 1;
							};
						};
					};
				};
			};
			buildConfigurationList = 7126096C1E8B8603008CBF34 /* Build configuration list for PBXProject "JGPush" */;
			compatibilityVersion = "Xcode 3.2";
			developmentRegion = English;
			hasScannedForEncodings = 0;
			knownRegions = (
				en,
				Base,
			);
			mainGroup = 712609681E8B8603008CBF34;
			productRefGroup = 712609721E8B8603008CBF34 /* Products */;
			projectDirPath = "";
			projectRoot = "";
			targets = (
				712609701E8B8603008CBF34 /* JGPush */,
			);
		};
/* End PBXProject section */

/* Begin PBXResourcesBuildPhase section */
		7126096F1E8B8603008CBF34 /* Resources */ = {
			isa = PBXResourcesBuildPhase;
			buildActionMask = 2147483647;
			files = (
				712609871E8B8604008CBF34 /* LaunchScreen.storyboard in Resources */,
				712609841E8B8604008CBF34 /* Assets.xcassets in Resources */,
				7126097F1E8B8604008CBF34 /* Main.storyboard in Resources */,
			);
			runOnlyForDeploymentPostprocessing = 0;
		};
/* End PBXResourcesBuildPhase section */

/* Begin PBXSourcesBuildPhase section */
		7126096D1E8B8603008CBF34 /* Sources */ = {
			isa = PBXSourcesBuildPhase;
			buildActionMask = 2147483647;
			files = (
				712609821E8B8604008CBF34 /* JGPush.xcdatamodeld in Sources */,
				7126097C1E8B8604008CBF34 /* ViewController.m in Sources */,
				712609791E8B8604008CBF34 /* AppDelegate.m in Sources */,
				712609761E8B8603008CBF34 /* main.m in Sources */,
			);
			runOnlyForDeploymentPostprocessing = 0;
		};
/* End PBXSourcesBuildPhase section */

/* Begin PBXVariantGroup section */
		7126097D1E8B8604008CBF34 /* Main.storyboard */ = {
			isa = PBXVariantGroup;
			children = (
				7126097E1E8B8604008CBF34 /* Base */,
			);
			name = Main.storyboard;
			sourceTree = "<group>";
		};
		712609851E8B8604008CBF34 /* LaunchScreen.storyboard */ = {
			isa = PBXVariantGroup;
			children = (
				712609861E8B8604008CBF34 /* Base */,
			);
			name = LaunchScreen.storyboard;
			sourceTree = "<group>";
		};
/* End PBXVariantGroup section */

/* Begin XCBuildConfiguration section */
		712609891E8B8604008CBF34 /* Debug */ = {
			isa = XCBuildConfiguration;
			buildSettings = {
				ALWAYS_SEARCH_USER_PATHS = NO;
				CLANG_ANALYZER_NONNULL = YES;
				CLANG_CXX_LANGUAGE_STANDARD = "gnu++0x";
				CLANG_CXX_LIBRARY = "libc++";
				CLANG_ENABLE_MODULES = YES;
				CLANG_ENABLE_OBJC_ARC = YES;
				CLANG_WARN_BOOL_CONVERSION = YES;
				CLANG_WARN_CONSTANT_CONVERSION = YES;
				CLANG_WARN_DIRECT_OBJC_ISA_USAGE = YES_ERROR;
				CLANG_WARN_DOCUMENTATION_COMMENTS = YES;
				CLANG_WARN_EMPTY_BODY = YES;
				CLANG_WARN_ENUM_CONVERSION = YES;
				CLANG_WARN_INFINITE_RECURSION = YES;
				CLANG_WARN_INT_CONVERSION = YES;
				CLANG_WARN_OBJC_ROOT_CLASS = YES_ERROR;
				CLANG_WARN_SUSPICIOUS_MOVE = YES;
				CLANG_WARN_UNREACHABLE_CODE = YES;
				CLANG_WARN__DUPLICATE_METHOD_MATCH = YES;
				"CODE_SIGN_IDENTITY[sdk=iphoneos*]" = "iPhone Developer";
				COPY_PHASE_STRIP = NO;
				DEBUG_INFORMATION_FORMAT = dwarf;
				ENABLE_STRICT_OBJC_MSGSEND = YES;
				ENABLE_TESTABILITY = YES;
				GCC_C_LANGUAGE_STANDARD = gnu99;
				GCC_DYNAMIC_NO_PIC = NO;
				GCC_NO_COMMON_BLOCKS = YES;
				GCC_OPTIMIZATION_LEVEL = 0;
				GCC_PREPROCESSOR_DEFINITIONS = (
					"DEBUG=1",
					"$(inherited)",
				);
				GCC_WARN_64_TO_32_BIT_CONVERSION = YES;
				GCC_WARN_ABOUT_RETURN_TYPE = YES_ERROR;
				GCC_WARN_UNDECLARED_SELECTOR = YES;
				GCC_WARN_UNINITIALIZED_AUTOS = YES_AGGRESSIVE;
				GCC_WARN_UNUSED_FUNCTION = YES;
				GCC_WARN_UNUSED_VARIABLE = YES;
				IPHONEOS_DEPLOYMENT_TARGET = 8.0;
				LIBRARY_SEARCH_PATHS = "$(SRCROOT)/Lib";
				MTL_ENABLE_DEBUG_INFO = YES;
				ONLY_ACTIVE_ARCH = YES;
				OTHER_LDFLAGS = "-ObjC";
				SDKROOT = iphoneos;
				USER_HEADER_SEARCH_PATHS = "\"$(SRCROOT)/Lib";
			};
			name = Debug;
		};
		7126098A1E8B8604008CBF34 /* Release */ = {
			isa = XCBuildConfiguration;
			buildSettings = {
				ALWAYS_SEARCH_USER_PATHS = NO;
				CLANG_ANALYZER_NONNULL = YES;
				CLANG_CXX_LANGUAGE_STANDARD = "gnu++0x";
				CLANG_CXX_LIBRARY = "libc++";
				CLANG_ENABLE_MODULES = YES;
				CLANG_ENABLE_OBJC_ARC = YES;
				CLANG_WARN_BOOL_CONVERSION = YES;
				CLANG_WARN_CONSTANT_CONVERSION = YES;
				CLANG_WARN_DIRECT_OBJC_ISA_USAGE = YES_ERROR;
				CLANG_WARN_DOCUMENTATION_COMMENTS = YES;
				CLANG_WARN_EMPTY_BODY = YES;
				CLANG_WARN_ENUM_CONVERSION = YES;
				CLANG_WARN_INFINITE_RECURSION = YES;
				CLANG_WARN_INT_CONVERSION = YES;
				CLANG_WARN_OBJC_ROOT_CLASS = YES_ERROR;
				CLANG_WARN_SUSPICIOUS_MOVE = YES;
				CLANG_WARN_UNREACHABLE_CODE = YES;
				CLANG_WARN__DUPLICATE_METHOD_MATCH = YES;
				"CODE_SIGN_IDENTITY[sdk=iphoneos*]" = "iPhone Developer";
				COPY_PHASE_STRIP = NO;
				DEBUG_INFORMATION_FORMAT = "dwarf-with-dsym";
				ENABLE_NS_ASSERTIONS = NO;
				ENABLE_STRICT_OBJC_MSGSEND = YES;
				GCC_C_LANGUAGE_STANDARD = gnu99;
				GCC_NO_COMMON_BLOCKS = YES;
				GCC_WARN_64_TO_32_BIT_CONVERSION = YES;
				GCC_WARN_ABOUT_RETURN_TYPE = YES_ERROR;
				GCC_WARN_UNDECLARED_SELECTOR = YES;
				GCC_WARN_UNINITIALIZED_AUTOS = YES_AGGRESSIVE;
				GCC_WARN_UNUSED_FUNCTION = YES;
				GCC_WARN_UNUSED_VARIABLE = YES;
				IPHONEOS_DEPLOYMENT_TARGET = 8.0;
				LIBRARY_SEARCH_PATHS = "$(SRCROOT)/Lib";
				MTL_ENABLE_DEBUG_INFO = NO;
				OTHER_LDFLAGS = "-ObjC";
				SDKROOT = iphoneos;
				USER_HEADER_SEARCH_PATHS = "\"$(SRCROOT)/Lib";
				VALIDATE_PRODUCT = YES;
			};
			name = Release;
		};
		7126098C1E8B8604008CBF34 /* Debug */ = {
			isa = XCBuildConfiguration;
			baseConfigurationReference = 82ADA78813EFD8F6322E0E75 /* Pods-JGPush.debug.xcconfig */;
			buildSettings = {
				ASSETCATALOG_COMPILER_APPICON_NAME = AppIcon;
				CODE_SIGN_ENTITLEMENTS = JGPush/JGPush.entitlements;
				DEVELOPMENT_TEAM = 5WK3UD233A;
				INFOPLIST_FILE = JGPush/Info.plist;
				IPHONEOS_DEPLOYMENT_TARGET = 8.0;
				LD_RUNPATH_SEARCH_PATHS = "$(inherited) @executable_path/Frameworks";
				LIBRARY_SEARCH_PATHS = (
					"$(inherited)",
					"$(PROJECT_DIR)/JGPush/Lib",
				);
				OTHER_LDFLAGS = "-all_load";
				PRODUCT_BUNDLE_IDENTIFIER = com.searchingsoft.JGPush;
				PRODUCT_NAME = "$(TARGET_NAME)";
				PROVISIONING_PROFILE = "00853751-0a50-4478-a9bf-dccfada12bdf";
				PROVISIONING_PROFILE_SPECIFIER = ZTJGPush;
			};
			name = Debug;
		};
		7126098D1E8B8604008CBF34 /* Release */ = {
			isa = XCBuildConfiguration;
			baseConfigurationReference = 50CA10ABE33BB5A118CE6627 /* Pods-JGPush.release.xcconfig */;
			buildSettings = {
				ASSETCATALOG_COMPILER_APPICON_NAME = AppIcon;
				CODE_SIGN_ENTITLEMENTS = JGPush/JGPush.entitlements;
				DEVELOPMENT_TEAM = 5WK3UD233A;
				INFOPLIST_FILE = JGPush/Info.plist;
				IPHONEOS_DEPLOYMENT_TARGET = 8.0;
				LD_RUNPATH_SEARCH_PATHS = "$(inherited) @executable_path/Frameworks";
				LIBRARY_SEARCH_PATHS = (
					"$(inherited)",
					"$(PROJECT_DIR)/JGPush/Lib",
				);
				OTHER_LDFLAGS = "-all_load";
				PRODUCT_BUNDLE_IDENTIFIER = com.searchingsoft.JGPush;
				PRODUCT_NAME = "$(TARGET_NAME)";
				PROVISIONING_PROFILE = "00853751-0a50-4478-a9bf-dccfada12bdf";
				PROVISIONING_PROFILE_SPECIFIER = ZTJGPush;
			};
			name = Release;
		};
/* End XCBuildConfiguration section */

/* Begin XCConfigurationList section */
		7126096C1E8B8603008CBF34 /* Build configuration list for PBXProject "JGPush" */ = {
			isa = XCConfigurationList;
			buildConfigurations = (
				712609891E8B8604008CBF34 /* Debug */,
				7126098A1E8B8604008CBF34 /* Release */,
			);
			defaultConfigurationIsVisible = 0;
			defaultConfigurationName = Release;
		};
		7126098B1E8B8604008CBF34 /* Build configuration list for PBXNativeTarget "JGPush" */ = {
			isa = XCConfigurationList;
			buildConfigurations = (
				7126098C1E8B8604008CBF34 /* Debug */,
				7126098D1E8B8604008CBF34 /* Release */,
			);
			defaultConfigurationIsVisible = 0;
			defaultConfigurationName = Release;
		};
/* End XCConfigurationList section */

/* Begin XCVersionGroup section */
		712609801E8B8604008CBF34 /* JGPush.xcdatamodeld */ = {
			isa = XCVersionGroup;
			children = (
				712609811E8B8604008CBF34 /* JGPush.xcdatamodel */,
			);
			currentVersion = 712609811E8B8604008CBF34 /* JGPush.xcdatamodel */;
			path = JGPush.xcdatamodeld;
			sourceTree = "<group>";
			versionGroupType = wrapper.xcdatamodel;
		};
/* End XCVersionGroup section */
	};
	rootObject = 712609691E8B8603008CBF34 /* Project object */;
}
